PODS:
  - AcknowList (1.9.5)
  - Disk (0.6.4)
  - Firebase/Analytics (6.15.0):
    - Firebase/Core
  - Firebase/Core (6.15.0):
    - Firebase/CoreOnly
    - FirebaseAnalytics (= 6.2.1)
  - Firebase/CoreOnly (6.15.0):
    - FirebaseCore (= 6.6.0)
  - Firebase/Crashlytics (6.15.0):
    - Firebase/CoreOnly
    - FirebaseCrashlytics (~> 4.0.0-beta.1)
  - Firebase/Messaging (6.15.0):
    - Firebase/CoreOnly
    - FirebaseMessaging (~> 4.2.0)
  - FirebaseAnalytics (6.2.1):
    - FirebaseCore (~> 6.6)
    - FirebaseInstanceID (~> 4.3)
    - GoogleAppMeasurement (= 6.2.1)
    - GoogleUtilities/AppDelegateSwizzler (~> 6.0)
    - GoogleUtilities/MethodSwizzler (~> 6.0)
    - GoogleUtilities/Network (~> 6.0)
    - "GoogleUtilities/NSData+zlib (~> 6.0)"
    - nanopb (= 0.3.9011)
  - FirebaseAnalyticsInterop (1.5.0)
  - FirebaseCore (6.6.0):
    - FirebaseCoreDiagnostics (~> 1.2)
    - FirebaseCoreDiagnosticsInterop (~> 1.2)
    - GoogleUtilities/Environment (~> 6.5)
    - GoogleUtilities/Logger (~> 6.5)
  - FirebaseCoreDiagnostics (1.2.4):
    - FirebaseCoreDiagnosticsInterop (~> 1.2)
    - GoogleDataTransportCCTSupport (~> 3.0)
    - GoogleUtilities/Environment (~> 6.5)
    - GoogleUtilities/Logger (~> 6.5)
    - nanopb (~> 0.3.901)
  - FirebaseCoreDiagnosticsInterop (1.2.0)
  - FirebaseCrashlytics (4.0.0):
    - FirebaseAnalyticsInterop (~> 1.2)
    - FirebaseCore (~> 6.6)
    - FirebaseInstallations (~> 1.1)
    - GoogleDataTransport (~> 6.0)
    - GoogleDataTransportCCTSupport (~> 3.0)
    - nanopb (~> 0.3.901)
    - PromisesObjC (~> 1.2)
  - FirebaseInstallations (1.3.0):
    - FirebaseCore (~> 6.6)
    - GoogleUtilities/Environment (~> 6.6)
    - GoogleUtilities/UserDefaults (~> 6.6)
    - PromisesObjC (~> 1.2)
  - FirebaseInstanceID (4.3.4):
    - FirebaseCore (~> 6.6)
    - FirebaseInstallations (~> 1.0)
    - GoogleUtilities/Environment (~> 6.5)
    - GoogleUtilities/UserDefaults (~> 6.5)
  - FirebaseMessaging (4.2.1):
    - FirebaseAnalyticsInterop (~> 1.5)
    - FirebaseCore (~> 6.6)
    - FirebaseInstanceID (~> 4.3)
    - GoogleUtilities/AppDelegateSwizzler (~> 6.5)
    - GoogleUtilities/Environment (~> 6.5)
    - GoogleUtilities/Reachability (~> 6.5)
    - GoogleUtilities/UserDefaults (~> 6.5)
    - Protobuf (>= 3.9.2, ~> 3.9)
  - GoogleAppMeasurement (6.2.1):
    - GoogleUtilities/AppDelegateSwizzler (~> 6.0)
    - GoogleUtilities/MethodSwizzler (~> 6.0)
    - GoogleUtilities/Network (~> 6.0)
    - "GoogleUtilities/NSData+zlib (~> 6.0)"
    - nanopb (= 0.3.9011)
  - GoogleDataTransport (6.2.1)
  - GoogleDataTransportCCTSupport (3.0.0):
    - GoogleDataTransport (~> 6.0)
    - nanopb (~> 0.3.901)
  - GoogleUtilities/AppDelegateSwizzler (6.7.2):
    - GoogleUtilities/Environment
    - GoogleUtilities/Logger
    - GoogleUtilities/Network
  - GoogleUtilities/Environment (6.7.2):
    - PromisesObjC (~> 1.2)
  - GoogleUtilities/Logger (6.7.2):
    - GoogleUtilities/Environment
  - GoogleUtilities/MethodSwizzler (6.7.2):
    - GoogleUtilities/Logger
  - GoogleUtilities/Network (6.7.2):
    - GoogleUtilities/Logger
    - "GoogleUtilities/NSData+zlib"
    - GoogleUtilities/Reachability
  - "GoogleUtilities/NSData+zlib (6.7.2)"
  - GoogleUtilities/Reachability (6.7.2):
    - GoogleUtilities/Logger
  - GoogleUtilities/UserDefaults (6.7.2):
    - GoogleUtilities/Logger
  - JWTDecode (2.4.1)
  - KeychainSwift (19.0.0)
  - Kingfisher (5.12.0):
    - Kingfisher/Core (= 5.12.0)
  - Kingfisher/Core (5.12.0)
  - lottie-ios (2.5.3)
  - nanopb (0.3.9011):
    - nanopb/decode (= 0.3.9011)
    - nanopb/encode (= 0.3.9011)
  - nanopb/decode (0.3.9011)
  - nanopb/encode (0.3.9011)
  - PKHUD (5.3.0)
  - Presentr (1.9)
  - PromisesObjC (1.2.11)
  - Protobuf (3.13.0)
  - secp256k1.swift (0.1.4)
  - stellar-ios-mac-sdk (2.0.9)
  - SwiftGen (6.0.2)
  - TangemSdk (2.1.1):
    - KeychainSwift
    - secp256k1.swift
  - ZendeskCommonUISDK (4.2.0):
    - ZendeskSDKConfigurationsSDK (~> 1.1.2)
  - ZendeskCoreSDK (2.4.0)
  - ZendeskMessagingAPISDK (3.2.0):
    - ZendeskSDKConfigurationsSDK (~> 1.1.2)
  - ZendeskMessagingSDK (3.2.0):
    - ZendeskCommonUISDK (~> 4.2.0)
    - ZendeskMessagingAPISDK (~> 3.2.0)
  - ZendeskSDKConfigurationsSDK (1.1.5)
  - ZendeskSupportProvidersSDK (5.0.5):
    - ZendeskCoreSDK (~> 2.4.0)
  - ZendeskSupportSDK (5.0.1):
    - ZendeskMessagingSDK (~> 3.2.0)
    - ZendeskSupportProvidersSDK (~> 5.0.1)

DEPENDENCIES:
  - AcknowList (~> 1.9.5)
  - Disk
  - Firebase/Analytics
  - Firebase/Core (~> 6.15.0)
  - Firebase/Crashlytics
  - Firebase/Messaging
  - JWTDecode (~> 2.4)
  - Kingfisher (~> 5.0)
  - lottie-ios (~> 2.5.2)
  - PKHUD (~> 5.0)
  - Presentr
  - stellar-ios-mac-sdk (~> 2.0.9)
  - SwiftGen (~> 6.0.2)
  - TangemSdk (~> 2.1.1)
  - ZendeskSupportSDK (= 5.0.1)

SPEC REPOS:
  trunk:
    - AcknowList
    - Disk
    - Firebase
    - FirebaseAnalytics
    - FirebaseAnalyticsInterop
    - FirebaseCore
    - FirebaseCoreDiagnostics
    - FirebaseCoreDiagnosticsInterop
    - FirebaseCrashlytics
    - FirebaseInstallations
    - FirebaseInstanceID
    - FirebaseMessaging
    - GoogleAppMeasurement
    - GoogleDataTransport
    - GoogleDataTransportCCTSupport
    - GoogleUtilities
    - JWTDecode
    - KeychainSwift
    - Kingfisher
    - lottie-ios
    - nanopb
    - PKHUD
    - Presentr
    - PromisesObjC
    - Protobuf
    - secp256k1.swift
    - stellar-ios-mac-sdk
    - SwiftGen
    - TangemSdk
    - ZendeskCommonUISDK
    - ZendeskCoreSDK
    - ZendeskMessagingAPISDK
    - ZendeskMessagingSDK
    - ZendeskSDKConfigurationsSDK
    - ZendeskSupportProvidersSDK
    - ZendeskSupportSDK

SPEC CHECKSUMS:
  AcknowList: 485f0e0da8ff7d5aaa8fb54bbff1da1f065e496c
  Disk: dcee5c2e98fb72f9a924cde8da8435b08244a80e
  Firebase: 5d77105d9740a07ca6b16927ca971db7e860faaf
  FirebaseAnalytics: e83e64b1231dedcd9ddd4bdecd9bcfd6ba341679
  FirebaseAnalyticsInterop: 3f86269c38ae41f47afeb43ebf32a001f58fcdae
  FirebaseCore: 4aeb81ff53dcd9a3634ca725dc1fb8c2a4622046
  FirebaseCoreDiagnostics: b59c024493a409f8aecba02c99928d0d8431d159
  FirebaseCoreDiagnosticsInterop: 296e2c5f5314500a850ad0b83e9e7c10b011a850
  FirebaseCrashlytics: 941608d2a3475b48fb7010b998703d07696b8db1
  FirebaseInstallations: 6f5f680e65dc374397a483c32d1799ba822a395b
  FirebaseInstanceID: cef67c4967c7cecb56ea65d8acbb4834825c587b
  FirebaseMessaging: 9e23f9d603b1fb71ccbeb48d79bf0d4ba0272c84
  GoogleAppMeasurement: a08a43b8677b95ed51fcef880e36737334d804fd
  GoogleDataTransport: 9a8a16f79feffc7f42096743de2a7c4815e84020
  GoogleDataTransportCCTSupport: 0f39025e8cf51f168711bd3fb773938d7e62ddb5
  GoogleUtilities: 7f2f5a07f888cdb145101d6042bc4422f57e70b3
  JWTDecode: 4bd4da0cdf0f8154fd467fa48499f34ec057fb88
  KeychainSwift: a06190cf933ad46b1e0abc3d77d29c06331715c7
  Kingfisher: dc6e0f53bb5b12c3e75bedb0e01bbd7a640eea69
  lottie-ios: a50d5c0160425cd4b01b852bb9578963e6d92d31
  nanopb: 18003b5e52dab79db540fe93fe9579f399bd1ccd
  PKHUD: 98f3e4bc904b9c916f1c5bb6d765365b5357291b
  Presentr: 7078d7eb5d1661ebeaae60c9e42a1e534de1b993
  PromisesObjC: 8c196f5a328c2cba3e74624585467a557dcb482f
  Protobuf: 3dac39b34a08151c6d949560efe3f86134a3f748
  secp256k1.swift: a7e7a214f6db6ce5db32cc6b2b45e5c4dd633634
  stellar-ios-mac-sdk: 5b55ebd8c5dbc903cf96cc0f3a13f0e7973fea11
  SwiftGen: e5b047067aa84082826a0c4f1c4c2ddc95bcf74c
  TangemSdk: 06c7ccf041f1a2a3d3528770a73359a014e469f0
  ZendeskCommonUISDK: afbee7c58c04cf88012a48c079599ec0d1590d16
  ZendeskCoreSDK: 804aff5229ae9500b8057b65fe53ad869856f427
  ZendeskMessagingAPISDK: c12dacdb94a89a957d911d5cff82a7cc9ee9666b
  ZendeskMessagingSDK: 9cd3a5af8bc0766b5e4774d8cbd8a0468263af97
  ZendeskSDKConfigurationsSDK: 0c610c22c9e3cafcd31591344b8cc3b4398e49b2
  ZendeskSupportProvidersSDK: d21ce8eb3df1066338c7d3875bb818b32c3f124e
  ZendeskSupportSDK: e52f37fa8bcba91f024b81025869fe5a2860f741

PODFILE CHECKSUM: 87331e3fd541df8e7fd1059f0431537786381fd3

COCOAPODS: 1.10.1
