// !$*UTF8*$!
{
	archiveVersion = 1;
	classes = {
	};
	objectVersion = 50;
	objects = {

/* Begin PBXBuildFile section */
		2E44052CB4FA324F7B665BA1 /* Pods_LOBSTR_Vault.framework in Frameworks */ = {isa = PBXBuildFile; fileRef = A01C52A9C6472830E8944154 /* Pods_LOBSTR_Vault.framework */; };
		8410CE3421E6221C0088546C /* BiometricAuthManager.swift in Sources */ = {isa = PBXBuildFile; fileRef = 8410CE3321E6221C0088546C /* BiometricAuthManager.swift */; };
		8410CE3621E622A60088546C /* BiometricAuthManagerTests.swift in Sources */ = {isa = PBXBuildFile; fileRef = 8410CE3521E622A60088546C /* BiometricAuthManagerTests.swift */; };
		844639CF21DCE73700719011 /* BiometricIDTableViewCell.swift in Sources */ = {isa = PBXBuildFile; fileRef = 844639CE21DCE73700719011 /* BiometricIDTableViewCell.swift */; };
		844C580D21CA4FB7008B44B2 /* PinPresenterImpl.swift in Sources */ = {isa = PBXBuildFile; fileRef = 844C580C21CA4FB7008B44B2 /* PinPresenterImpl.swift */; };
		844C580F21CA5D13008B44B2 /* PinPresenterTests.swift in Sources */ = {isa = PBXBuildFile; fileRef = 844C580E21CA5D13008B44B2 /* PinPresenterTests.swift */; };
		844C581121CA5F69008B44B2 /* PinViewSpy.swift in Sources */ = {isa = PBXBuildFile; fileRef = 844C581021CA5F69008B44B2 /* PinViewSpy.swift */; };
		844C581421CA6BEE008B44B2 /* PinManagerTests.swift in Sources */ = {isa = PBXBuildFile; fileRef = 844C581321CA6BEE008B44B2 /* PinManagerTests.swift */; };
		844C581B21CA8101008B44B2 /* ApplicationCoordinator.swift in Sources */ = {isa = PBXBuildFile; fileRef = 844C581A21CA8101008B44B2 /* ApplicationCoordinator.swift */; };
		845CDCA521C92E6300791C94 /* PinViewController.swift in Sources */ = {isa = PBXBuildFile; fileRef = 845CDCA421C92E6300791C94 /* PinViewController.swift */; };
		845CDCAD21C9309B00791C94 /* NumberPadView.swift in Sources */ = {isa = PBXBuildFile; fileRef = 845CDCA821C9309B00791C94 /* NumberPadView.swift */; };
		845CDCAE21C9309B00791C94 /* NumberPadView.xib in Resources */ = {isa = PBXBuildFile; fileRef = 845CDCA921C9309B00791C94 /* NumberPadView.xib */; };
		845CDCAF21C9309B00791C94 /* PinInputView.swift in Sources */ = {isa = PBXBuildFile; fileRef = 845CDCAB21C9309B00791C94 /* PinInputView.swift */; };
		845CDCB021C9309B00791C94 /* PinInputView.xib in Resources */ = {isa = PBXBuildFile; fileRef = 845CDCAC21C9309B00791C94 /* PinInputView.xib */; };
		845CDCB221C930B900791C94 /* Shakeable.swift in Sources */ = {isa = PBXBuildFile; fileRef = 845CDCB121C930B900791C94 /* Shakeable.swift */; };
		845CDCB421C931F400791C94 /* Pin.storyboard in Resources */ = {isa = PBXBuildFile; fileRef = 845CDCB321C931F400791C94 /* Pin.storyboard */; };
		8477AC3521DCF54300D75173 /* PinMode.swift in Sources */ = {isa = PBXBuildFile; fileRef = 8477AC3421DCF54300D75173 /* PinMode.swift */; };
		8477AC3721DCF59500D75173 /* PinPresenter.swift in Sources */ = {isa = PBXBuildFile; fileRef = 8477AC3621DCF59500D75173 /* PinPresenter.swift */; };
		84835AB421D646EF0039F1C5 /* MnemonicSuggestionsView.swift in Sources */ = {isa = PBXBuildFile; fileRef = 9221B7BF21BE89F80070A526 /* MnemonicSuggestionsView.swift */; };
		84835AB521D647200039F1C5 /* MnemonicSuggestionsViewCell.swift in Sources */ = {isa = PBXBuildFile; fileRef = 9221B7C121BE8A120070A526 /* MnemonicSuggestionsViewCell.swift */; };
		84835AB621D647260039F1C5 /* MnemonicRecoveryViewController.swift in Sources */ = {isa = PBXBuildFile; fileRef = 9221B7B921BE888F0070A526 /* MnemonicRecoveryViewController.swift */; };
		84835ABA21D651B50039F1C5 /* UITableView+Dequeue.swift in Sources */ = {isa = PBXBuildFile; fileRef = 84835AB921D651B50039F1C5 /* UITableView+Dequeue.swift */; };
		84835ABC21D651E60039F1C5 /* ReusableView.swift in Sources */ = {isa = PBXBuildFile; fileRef = 84835ABB21D651E60039F1C5 /* ReusableView.swift */; };
		84835ABF21D652370039F1C5 /* PublicKeyTableViewCell.swift in Sources */ = {isa = PBXBuildFile; fileRef = 84835ABE21D652370039F1C5 /* PublicKeyTableViewCell.swift */; };
		84835AC221D65C1C0039F1C5 /* SettingsPresenterImpl.swift in Sources */ = {isa = PBXBuildFile; fileRef = 84835AC121D65C1C0039F1C5 /* SettingsPresenterImpl.swift */; };
		8486F68821CB8A000099F1F2 /* PinManager.swift in Sources */ = {isa = PBXBuildFile; fileRef = 8486F68721CB8A000099F1F2 /* PinManager.swift */; };
		8486F68A21CBA8660099F1F2 /* Device.swift in Sources */ = {isa = PBXBuildFile; fileRef = 8486F68921CBA8660099F1F2 /* Device.swift */; };
		8486F68C21CBAF2A0099F1F2 /* KeychainManager.swift in Sources */ = {isa = PBXBuildFile; fileRef = 8486F68B21CBAF2A0099F1F2 /* KeychainManager.swift */; };
		84A0C3D121C7B0F8007A076F /* VaultStorage.swift in Sources */ = {isa = PBXBuildFile; fileRef = 84A0C3D021C7B0F8007A076F /* VaultStorage.swift */; };
		84A0C3D421C7B143007A076F /* VaultStorageTests.swift in Sources */ = {isa = PBXBuildFile; fileRef = 84A0C3D321C7B143007A076F /* VaultStorageTests.swift */; };
		84A0C3D621C7DCC3007A076F /* VaultStorage+Cryptography.swift in Sources */ = {isa = PBXBuildFile; fileRef = 84A0C3D521C7DCC3007A076F /* VaultStorage+Cryptography.swift */; };
		84A0C3D821C7DCF0007A076F /* VaultStorage+Keychain.swift in Sources */ = {isa = PBXBuildFile; fileRef = 84A0C3D721C7DCF0007A076F /* VaultStorage+Keychain.swift */; };
		84A0C3DB21C7E60B007A076F /* MnemonicManagerTests.swift in Sources */ = {isa = PBXBuildFile; fileRef = 84A0C3DA21C7E60B007A076F /* MnemonicManagerTests.swift */; };
		84A0C3DE21C7E6A6007A076F /* MnemonicManager.swift in Sources */ = {isa = PBXBuildFile; fileRef = 84A0C3DD21C7E6A6007A076F /* MnemonicManager.swift */; };
		84A825FA21E4BDF7004EF5D9 /* BiometricID.storyboard in Resources */ = {isa = PBXBuildFile; fileRef = 84A825F921E4BDF7004EF5D9 /* BiometricID.storyboard */; };
		84A8260021E4BE5B004EF5D9 /* BiometricIDViewController.swift in Sources */ = {isa = PBXBuildFile; fileRef = 84A825FF21E4BE5B004EF5D9 /* BiometricIDViewController.swift */; };
		84A8260221E4C92A004EF5D9 /* BiometricIDPresenter.swift in Sources */ = {isa = PBXBuildFile; fileRef = 84A8260121E4C92A004EF5D9 /* BiometricIDPresenter.swift */; };
		84A8260821E4D570004EF5D9 /* BiometricType.swift in Sources */ = {isa = PBXBuildFile; fileRef = 84A8260721E4D570004EF5D9 /* BiometricType.swift */; };
		84A8261121E4F415004EF5D9 /* KeyValueStorage.swift in Sources */ = {isa = PBXBuildFile; fileRef = 84A8261021E4F415004EF5D9 /* KeyValueStorage.swift */; };
		84BBE7FF21CE32C90074CCC3 /* JWTManager.swift in Sources */ = {isa = PBXBuildFile; fileRef = 84BBE7FE21CE32C90074CCC3 /* JWTManager.swift */; };
		84C94CA621E732190086991D /* SettingsSectionsBuilder.swift in Sources */ = {isa = PBXBuildFile; fileRef = 84C94CA521E732190086991D /* SettingsSectionsBuilder.swift */; };
		84C94CA821E7398F0086991D /* AuthContext.swift in Sources */ = {isa = PBXBuildFile; fileRef = 84C94CA721E7398F0086991D /* AuthContext.swift */; };
		84C94CB421E766260086991D /* UITableViewCell+Height.swift in Sources */ = {isa = PBXBuildFile; fileRef = 84C94CB321E766260086991D /* UITableViewCell+Height.swift */; };
		84C94CB821E768520086991D /* SettingsSectionsBuilderTests.swift in Sources */ = {isa = PBXBuildFile; fileRef = 84C94CB721E768520086991D /* SettingsSectionsBuilderTests.swift */; };
		84CFB07321D7A19A0020073C /* DisclosureIndicatorTableViewCell.swift in Sources */ = {isa = PBXBuildFile; fileRef = 84CFB07221D7A19A0020073C /* DisclosureIndicatorTableViewCell.swift */; };
		84CFB07521D7A1C40020073C /* RightDetailTableViewCell.swift in Sources */ = {isa = PBXBuildFile; fileRef = 84CFB07421D7A1C40020073C /* RightDetailTableViewCell.swift */; };
		84CFB07721D7AA920020073C /* SettingsSection.swift in Sources */ = {isa = PBXBuildFile; fileRef = 84CFB07621D7AA920020073C /* SettingsSection.swift */; };
		84CFB07921D7AACC0020073C /* SettingsPresenter.swift in Sources */ = {isa = PBXBuildFile; fileRef = 84CFB07821D7AACC0020073C /* SettingsPresenter.swift */; };
		84CFB07C21D7B02E0020073C /* ApplicationInfo.swift in Sources */ = {isa = PBXBuildFile; fileRef = 84CFB07B21D7B02E0020073C /* ApplicationInfo.swift */; };
		9221B7AC21BE86B50070A526 /* Storyboards.swift in Sources */ = {isa = PBXBuildFile; fileRef = 9221B7AB21BE86B50070A526 /* Storyboards.swift */; };
		9221B7AF21BE86DC0070A526 /* StoryboardCreation.swift in Sources */ = {isa = PBXBuildFile; fileRef = 9221B7AE21BE86DC0070A526 /* StoryboardCreation.swift */; };
		9221B7B821BE87F60070A526 /* MnemonicRecovery.storyboard in Resources */ = {isa = PBXBuildFile; fileRef = 9221B7B721BE87F60070A526 /* MnemonicRecovery.storyboard */; };
		9221B7BC21BE88E00070A526 /* MnemonicRecoveryPresenter.swift in Sources */ = {isa = PBXBuildFile; fileRef = 9221B7BB21BE88E00070A526 /* MnemonicRecoveryPresenter.swift */; };
		9221B7BE21BE893A0070A526 /* MnemonicHelper.swift in Sources */ = {isa = PBXBuildFile; fileRef = 9221B7BD21BE893A0070A526 /* MnemonicHelper.swift */; };
		9221B7C421BE8A310070A526 /* MnemonicSuggestionsView.xib in Resources */ = {isa = PBXBuildFile; fileRef = 9221B7C321BE8A310070A526 /* MnemonicSuggestionsView.xib */; };
		9221B7C621BE8A520070A526 /* MnemonicSuggestionsViewCell.xib in Resources */ = {isa = PBXBuildFile; fileRef = 9221B7C521BE8A520070A526 /* MnemonicSuggestionsViewCell.xib */; };
		9221B7CA21BE91570070A526 /* MnemonicHelperTest.swift in Sources */ = {isa = PBXBuildFile; fileRef = 9221B7C921BE91570070A526 /* MnemonicHelperTest.swift */; };
		9221B7CD21BF9A3A0070A526 /* MnemonicRecoveryViewSpy.swift in Sources */ = {isa = PBXBuildFile; fileRef = 9221B7CC21BF9A3A0070A526 /* MnemonicRecoveryViewSpy.swift */; };
		9221B7CF21BF9AD80070A526 /* MnemonicRecoveryPresenterTest.swift in Sources */ = {isa = PBXBuildFile; fileRef = 9221B7CE21BF9AD80070A526 /* MnemonicRecoveryPresenterTest.swift */; };
		922C641321CB8E7100EDD409 /* HomePresenter.swift in Sources */ = {isa = PBXBuildFile; fileRef = 922C641221CB8E7100EDD409 /* HomePresenter.swift */; };
		922C641621CBA4D200EDD409 /* TransactionListPresenter.swift in Sources */ = {isa = PBXBuildFile; fileRef = 922C641521CBA4D200EDD409 /* TransactionListPresenter.swift */; };
		922C641921CBA7C300EDD409 /* TransactionListTableViewCell.swift in Sources */ = {isa = PBXBuildFile; fileRef = 922C641821CBA7C300EDD409 /* TransactionListTableViewCell.swift */; };
		922C641B21CBB56B00EDD409 /* TransactionDetailsViewController.swift in Sources */ = {isa = PBXBuildFile; fileRef = 922C641A21CBB56B00EDD409 /* TransactionDetailsViewController.swift */; };
		922C641D21CBB5C400EDD409 /* TransactionDetailsPresenter.swift in Sources */ = {isa = PBXBuildFile; fileRef = 922C641C21CBB5C400EDD409 /* TransactionDetailsPresenter.swift */; };
		922C642621CD37B200EDD409 /* AuthenticationService.swift in Sources */ = {isa = PBXBuildFile; fileRef = 922C642521CD37B200EDD409 /* AuthenticationService.swift */; };
		9232EC6E21C0F5B800F8EBD4 /* MnemonicGenerationViewController.swift in Sources */ = {isa = PBXBuildFile; fileRef = 9232EC6D21C0F5B800F8EBD4 /* MnemonicGenerationViewController.swift */; };
		9232EC7521C0FA2800F8EBD4 /* MnemonicGenerationPresenter.swift in Sources */ = {isa = PBXBuildFile; fileRef = 9232EC7421C0FA2800F8EBD4 /* MnemonicGenerationPresenter.swift */; };
		9232EC7821C11C2700F8EBD4 /* MnemonicCollectionViewCell.swift in Sources */ = {isa = PBXBuildFile; fileRef = 9232EC7721C11C2700F8EBD4 /* MnemonicCollectionViewCell.swift */; };
		9232EC7A21C11D1D00F8EBD4 /* MnemonicGeneration.storyboard in Resources */ = {isa = PBXBuildFile; fileRef = 9232EC7921C11D1D00F8EBD4 /* MnemonicGeneration.storyboard */; };
		9232EC7C21C11F1F00F8EBD4 /* MnemonicGenerationPresenterTest.swift in Sources */ = {isa = PBXBuildFile; fileRef = 9232EC7B21C11F1F00F8EBD4 /* MnemonicGenerationPresenterTest.swift */; };
		9232EC7E21C11FDA00F8EBD4 /* MnemonicGenerationViewSpy.swift in Sources */ = {isa = PBXBuildFile; fileRef = 9232EC7D21C11FDA00F8EBD4 /* MnemonicGenerationViewSpy.swift */; };
		9232EC8021C1422800F8EBD4 /* MnemonicVerificationViewController.swift in Sources */ = {isa = PBXBuildFile; fileRef = 9232EC7F21C1422800F8EBD4 /* MnemonicVerificationViewController.swift */; };
		9232EC8221C1425800F8EBD4 /* MnemonicVerificationPresenter.swift in Sources */ = {isa = PBXBuildFile; fileRef = 9232EC8121C1425800F8EBD4 /* MnemonicVerificationPresenter.swift */; };
		9232EC8421C24CC600F8EBD4 /* MnemonicVerificationPresenterTest.swift in Sources */ = {isa = PBXBuildFile; fileRef = 9232EC8321C24CC600F8EBD4 /* MnemonicVerificationPresenterTest.swift */; };
		9232EC8621C24D3200F8EBD4 /* MnemonicVerificationViewSpy.swift in Sources */ = {isa = PBXBuildFile; fileRef = 9232EC8521C24D3200F8EBD4 /* MnemonicVerificationViewSpy.swift */; };
		925CCACD21DCAC9C00E75602 /* OperationViewController.swift in Sources */ = {isa = PBXBuildFile; fileRef = 925CCACC21DCAC9C00E75602 /* OperationViewController.swift */; };
		925CCACF21DCAD5A00E75602 /* OperationDetailsTableViewCell.swift in Sources */ = {isa = PBXBuildFile; fileRef = 925CCACE21DCAD5A00E75602 /* OperationDetailsTableViewCell.swift */; };
		925CCAD721DCB0F600E75602 /* Transactions.storyboard in Resources */ = {isa = PBXBuildFile; fileRef = 925CCAD621DCB0F600E75602 /* Transactions.storyboard */; };
		925CCAD921DCD37500E75602 /* OperationType+Description.swift in Sources */ = {isa = PBXBuildFile; fileRef = 925CCAD821DCD37500E75602 /* OperationType+Description.swift */; };
		925CCADB21DCF7F900E75602 /* OperationPresenter.swift in Sources */ = {isa = PBXBuildFile; fileRef = 925CCADA21DCF7F900E75602 /* OperationPresenter.swift */; };
		925CCAE121DE4CE200E75602 /* TransactionStatusViewController.swift in Sources */ = {isa = PBXBuildFile; fileRef = 925CCAE021DE4CE200E75602 /* TransactionStatusViewController.swift */; };
		9277AB8421C8E7C200379971 /* APIRequestLoader.swift in Sources */ = {isa = PBXBuildFile; fileRef = 9277AB8321C8E7C200379971 /* APIRequestLoader.swift */; };
		9277AB8821C8E85C00379971 /* ServerRequestError.swift in Sources */ = {isa = PBXBuildFile; fileRef = 9277AB8721C8E85C00379971 /* ServerRequestError.swift */; };
		9277AB8A21C8E8A700379971 /* NetworkingResult.swift in Sources */ = {isa = PBXBuildFile; fileRef = 9277AB8921C8E8A700379971 /* NetworkingResult.swift */; };
		9277AB8C21C8EB2B00379971 /* PendingTransactionListRequest.swift in Sources */ = {isa = PBXBuildFile; fileRef = 9277AB8B21C8EB2B00379971 /* PendingTransactionListRequest.swift */; };
		9277AB9321C9018400379971 /* APIRequest.swift in Sources */ = {isa = PBXBuildFile; fileRef = 9277AB9221C9018400379971 /* APIRequest.swift */; };
		9277AB9E21C91F9A00379971 /* SubmitSignedTransactionRequest.swift in Sources */ = {isa = PBXBuildFile; fileRef = 9277AB9D21C91F9A00379971 /* SubmitSignedTransactionRequest.swift */; };
		9277ABA121CA59A000379971 /* TabBarViewController.swift in Sources */ = {isa = PBXBuildFile; fileRef = 9277ABA021CA599F00379971 /* TabBarViewController.swift */; };
		9277ABA321CA59BE00379971 /* TabBar.storyboard in Resources */ = {isa = PBXBuildFile; fileRef = 9277ABA221CA59BE00379971 /* TabBar.storyboard */; };
		9277ABA621CA5A8D00379971 /* HomeViewController.swift in Sources */ = {isa = PBXBuildFile; fileRef = 9277ABA521CA5A8D00379971 /* HomeViewController.swift */; };
		9277ABA821CA5AC500379971 /* Home.storyboard in Resources */ = {isa = PBXBuildFile; fileRef = 9277ABA721CA5AC500379971 /* Home.storyboard */; };
		9277ABAD21CA5B5700379971 /* TransactionListViewController.swift in Sources */ = {isa = PBXBuildFile; fileRef = 9277ABAC21CA5B5700379971 /* TransactionListViewController.swift */; };
		9277ABB221CA748F00379971 /* Constants.swift in Sources */ = {isa = PBXBuildFile; fileRef = 9277ABB121CA748F00379971 /* Constants.swift */; };
		9277ABB521CA75C300379971 /* PaginationResponse.swift in Sources */ = {isa = PBXBuildFile; fileRef = 9277ABB421CA75C300379971 /* PaginationResponse.swift */; };
		9277ABB821CA770D00379971 /* Transaction.swift in Sources */ = {isa = PBXBuildFile; fileRef = 9277ABB721CA770D00379971 /* Transaction.swift */; };
		9277ABBB21CA927400379971 /* PendingTransactionListRequestTests.swift in Sources */ = {isa = PBXBuildFile; fileRef = 9277ABBA21CA927400379971 /* PendingTransactionListRequestTests.swift */; };
		9277EDA221D50BEC0043F3E8 /* OperationTableViewCell.swift in Sources */ = {isa = PBXBuildFile; fileRef = 9277EDA121D50BEC0043F3E8 /* OperationTableViewCell.swift */; };
		9277EDA521D52D970043F3E8 /* TransactionHelper.swift in Sources */ = {isa = PBXBuildFile; fileRef = 9277EDA421D52D970043F3E8 /* TransactionHelper.swift */; };
		9277EDA721D52E350043F3E8 /* TransactionHelperTests.swift in Sources */ = {isa = PBXBuildFile; fileRef = 9277EDA621D52E350043F3E8 /* TransactionHelperTests.swift */; };
		9277EDAB21D53F1F0043F3E8 /* SettingsViewController.swift in Sources */ = {isa = PBXBuildFile; fileRef = 9277EDAA21D53F1F0043F3E8 /* SettingsViewController.swift */; };
		9277EDAD21D53F3B0043F3E8 /* Settings.storyboard in Resources */ = {isa = PBXBuildFile; fileRef = 9277EDAC21D53F3B0043F3E8 /* Settings.storyboard */; };
		92BD385621C7AFF500E974E0 /* MnemonicMenuViewController.swift in Sources */ = {isa = PBXBuildFile; fileRef = 92BD385521C7AFF500E974E0 /* MnemonicMenuViewController.swift */; };
		92BD385821C7B02000E974E0 /* MnemonicMenu.storyboard in Resources */ = {isa = PBXBuildFile; fileRef = 92BD385721C7B02000E974E0 /* MnemonicMenu.storyboard */; };
		92C4155C21E5E1B500960170 /* CrashlyticsService.swift in Sources */ = {isa = PBXBuildFile; fileRef = 92C4155B21E5E1B500960170 /* CrashlyticsService.swift */; };
		92C4155E21E61C3200960170 /* String+Localized.swift in Sources */ = {isa = PBXBuildFile; fileRef = 92C4155D21E61C3200960170 /* String+Localized.swift */; };
		92C4156021E620F200960170 /* UIAlertController+Alert.swift in Sources */ = {isa = PBXBuildFile; fileRef = 92C4155F21E620F200960170 /* UIAlertController+Alert.swift */; };
		92D3769221BAA95B00504713 /* AppDelegate.swift in Sources */ = {isa = PBXBuildFile; fileRef = 92D3769121BAA95B00504713 /* AppDelegate.swift */; };
		92D3769921BAA95B00504713 /* Assets.xcassets in Resources */ = {isa = PBXBuildFile; fileRef = 92D3769821BAA95B00504713 /* Assets.xcassets */; };
		92D3769C21BAA95B00504713 /* LaunchScreen.storyboard in Resources */ = {isa = PBXBuildFile; fileRef = 92D3769A21BAA95B00504713 /* LaunchScreen.storyboard */; };
		92E48FCA21E4D517006281E4 /* Errors.swift in Sources */ = {isa = PBXBuildFile; fileRef = 92E48FC921E4D517006281E4 /* Errors.swift */; };
		92E48FCD21E4EE38006281E4 /* Localizable.strings in Resources */ = {isa = PBXBuildFile; fileRef = 92E48FCC21E4EE38006281E4 /* Localizable.strings */; };
		92E48FCF21E4F2BA006281E4 /* GoogleService-Info.plist in Resources */ = {isa = PBXBuildFile; fileRef = 92E48FCE21E4F2BA006281E4 /* GoogleService-Info.plist */; };
		92E95FA021D3BC4D00E5645D /* ChallengeRequest.swift in Sources */ = {isa = PBXBuildFile; fileRef = 92E95F9F21D3BC4D00E5645D /* ChallengeRequest.swift */; };
		92E95FA221D3BE9600E5645D /* SubmitChallengeRequest.swift in Sources */ = {isa = PBXBuildFile; fileRef = 92E95FA121D3BE9600E5645D /* SubmitChallengeRequest.swift */; };
		A3F5F6A151BBA6DC6871C53E /* Pods_LOBSTR_VaultTests.framework in Frameworks */ = {isa = PBXBuildFile; fileRef = 3EAD3CB51C9072AD81742E3B /* Pods_LOBSTR_VaultTests.framework */; };
/* End PBXBuildFile section */

/* Begin PBXContainerItemProxy section */
		92D376A321BAA95B00504713 /* PBXContainerItemProxy */ = {
			isa = PBXContainerItemProxy;
			containerPortal = 92D3768621BAA95B00504713 /* Project object */;
			proxyType = 1;
			remoteGlobalIDString = 92D3768D21BAA95B00504713;
			remoteInfo = "LOBSTR Vault";
		};
/* End PBXContainerItemProxy section */

/* Begin PBXFileReference section */
		0CF6E73C09E0BAC79AF0CAC0 /* Pods-LOBSTR Vault.debug.xcconfig */ = {isa = PBXFileReference; includeInIndex = 1; lastKnownFileType = text.xcconfig; name = "Pods-LOBSTR Vault.debug.xcconfig"; path = "Pods/Target Support Files/Pods-LOBSTR Vault/Pods-LOBSTR Vault.debug.xcconfig"; sourceTree = "<group>"; };
		3EAD3CB51C9072AD81742E3B /* Pods_LOBSTR_VaultTests.framework */ = {isa = PBXFileReference; explicitFileType = wrapper.framework; includeInIndex = 0; path = Pods_LOBSTR_VaultTests.framework; sourceTree = BUILT_PRODUCTS_DIR; };
		8410CE3321E6221C0088546C /* BiometricAuthManager.swift */ = {isa = PBXFileReference; fileEncoding = 4; lastKnownFileType = sourcecode.swift; path = BiometricAuthManager.swift; sourceTree = "<group>"; };
		8410CE3521E622A60088546C /* BiometricAuthManagerTests.swift */ = {isa = PBXFileReference; fileEncoding = 4; lastKnownFileType = sourcecode.swift; path = BiometricAuthManagerTests.swift; sourceTree = "<group>"; };
		844639CE21DCE73700719011 /* BiometricIDTableViewCell.swift */ = {isa = PBXFileReference; lastKnownFileType = sourcecode.swift; path = BiometricIDTableViewCell.swift; sourceTree = "<group>"; };
		844C580C21CA4FB7008B44B2 /* PinPresenterImpl.swift */ = {isa = PBXFileReference; lastKnownFileType = sourcecode.swift; path = PinPresenterImpl.swift; sourceTree = "<group>"; };
		844C580E21CA5D13008B44B2 /* PinPresenterTests.swift */ = {isa = PBXFileReference; lastKnownFileType = sourcecode.swift; path = PinPresenterTests.swift; sourceTree = "<group>"; };
		844C581021CA5F69008B44B2 /* PinViewSpy.swift */ = {isa = PBXFileReference; lastKnownFileType = sourcecode.swift; path = PinViewSpy.swift; sourceTree = "<group>"; };
		844C581321CA6BEE008B44B2 /* PinManagerTests.swift */ = {isa = PBXFileReference; lastKnownFileType = sourcecode.swift; path = PinManagerTests.swift; sourceTree = "<group>"; };
		844C581A21CA8101008B44B2 /* ApplicationCoordinator.swift */ = {isa = PBXFileReference; lastKnownFileType = sourcecode.swift; path = ApplicationCoordinator.swift; sourceTree = "<group>"; };
		845CDCA421C92E6300791C94 /* PinViewController.swift */ = {isa = PBXFileReference; lastKnownFileType = sourcecode.swift; path = PinViewController.swift; sourceTree = "<group>"; };
		845CDCA821C9309B00791C94 /* NumberPadView.swift */ = {isa = PBXFileReference; fileEncoding = 4; lastKnownFileType = sourcecode.swift; path = NumberPadView.swift; sourceTree = "<group>"; };
		845CDCA921C9309B00791C94 /* NumberPadView.xib */ = {isa = PBXFileReference; fileEncoding = 4; lastKnownFileType = file.xib; path = NumberPadView.xib; sourceTree = "<group>"; };
		845CDCAB21C9309B00791C94 /* PinInputView.swift */ = {isa = PBXFileReference; fileEncoding = 4; lastKnownFileType = sourcecode.swift; path = PinInputView.swift; sourceTree = "<group>"; };
		845CDCAC21C9309B00791C94 /* PinInputView.xib */ = {isa = PBXFileReference; fileEncoding = 4; lastKnownFileType = file.xib; path = PinInputView.xib; sourceTree = "<group>"; };
		845CDCB121C930B900791C94 /* Shakeable.swift */ = {isa = PBXFileReference; fileEncoding = 4; lastKnownFileType = sourcecode.swift; path = Shakeable.swift; sourceTree = "<group>"; };
		845CDCB321C931F400791C94 /* Pin.storyboard */ = {isa = PBXFileReference; fileEncoding = 4; lastKnownFileType = file.storyboard; path = Pin.storyboard; sourceTree = "<group>"; };
		8477AC3421DCF54300D75173 /* PinMode.swift */ = {isa = PBXFileReference; lastKnownFileType = sourcecode.swift; path = PinMode.swift; sourceTree = "<group>"; };
		8477AC3621DCF59500D75173 /* PinPresenter.swift */ = {isa = PBXFileReference; lastKnownFileType = sourcecode.swift; path = PinPresenter.swift; sourceTree = "<group>"; };
		84835AB921D651B50039F1C5 /* UITableView+Dequeue.swift */ = {isa = PBXFileReference; lastKnownFileType = sourcecode.swift; path = "UITableView+Dequeue.swift"; sourceTree = "<group>"; };
		84835ABB21D651E60039F1C5 /* ReusableView.swift */ = {isa = PBXFileReference; lastKnownFileType = sourcecode.swift; path = ReusableView.swift; sourceTree = "<group>"; };
		84835ABE21D652370039F1C5 /* PublicKeyTableViewCell.swift */ = {isa = PBXFileReference; lastKnownFileType = sourcecode.swift; path = PublicKeyTableViewCell.swift; sourceTree = "<group>"; };
		84835AC121D65C1C0039F1C5 /* SettingsPresenterImpl.swift */ = {isa = PBXFileReference; lastKnownFileType = sourcecode.swift; path = SettingsPresenterImpl.swift; sourceTree = "<group>"; };
		8486F68721CB8A000099F1F2 /* PinManager.swift */ = {isa = PBXFileReference; lastKnownFileType = sourcecode.swift; path = PinManager.swift; sourceTree = "<group>"; };
		8486F68921CBA8660099F1F2 /* Device.swift */ = {isa = PBXFileReference; lastKnownFileType = sourcecode.swift; path = Device.swift; sourceTree = "<group>"; };
		8486F68B21CBAF2A0099F1F2 /* KeychainManager.swift */ = {isa = PBXFileReference; lastKnownFileType = sourcecode.swift; path = KeychainManager.swift; sourceTree = "<group>"; };
		84A0C3D021C7B0F8007A076F /* VaultStorage.swift */ = {isa = PBXFileReference; fileEncoding = 4; lastKnownFileType = sourcecode.swift; path = VaultStorage.swift; sourceTree = "<group>"; };
		84A0C3D321C7B143007A076F /* VaultStorageTests.swift */ = {isa = PBXFileReference; fileEncoding = 4; lastKnownFileType = sourcecode.swift; path = VaultStorageTests.swift; sourceTree = "<group>"; };
		84A0C3D521C7DCC3007A076F /* VaultStorage+Cryptography.swift */ = {isa = PBXFileReference; lastKnownFileType = sourcecode.swift; path = "VaultStorage+Cryptography.swift"; sourceTree = "<group>"; };
		84A0C3D721C7DCF0007A076F /* VaultStorage+Keychain.swift */ = {isa = PBXFileReference; lastKnownFileType = sourcecode.swift; path = "VaultStorage+Keychain.swift"; sourceTree = "<group>"; };
		84A0C3DA21C7E60B007A076F /* MnemonicManagerTests.swift */ = {isa = PBXFileReference; lastKnownFileType = sourcecode.swift; path = MnemonicManagerTests.swift; sourceTree = "<group>"; };
		84A0C3DD21C7E6A6007A076F /* MnemonicManager.swift */ = {isa = PBXFileReference; lastKnownFileType = sourcecode.swift; path = MnemonicManager.swift; sourceTree = "<group>"; };
		84A825F921E4BDF7004EF5D9 /* BiometricID.storyboard */ = {isa = PBXFileReference; lastKnownFileType = file.storyboard; path = BiometricID.storyboard; sourceTree = "<group>"; };
		84A825FF21E4BE5B004EF5D9 /* BiometricIDViewController.swift */ = {isa = PBXFileReference; lastKnownFileType = sourcecode.swift; path = BiometricIDViewController.swift; sourceTree = "<group>"; };
		84A8260121E4C92A004EF5D9 /* BiometricIDPresenter.swift */ = {isa = PBXFileReference; lastKnownFileType = sourcecode.swift; path = BiometricIDPresenter.swift; sourceTree = "<group>"; };
		84A8260721E4D570004EF5D9 /* BiometricType.swift */ = {isa = PBXFileReference; lastKnownFileType = sourcecode.swift; path = BiometricType.swift; sourceTree = "<group>"; };
		84A8261021E4F415004EF5D9 /* KeyValueStorage.swift */ = {isa = PBXFileReference; lastKnownFileType = sourcecode.swift; path = KeyValueStorage.swift; sourceTree = "<group>"; };
		84BBE7FE21CE32C90074CCC3 /* JWTManager.swift */ = {isa = PBXFileReference; lastKnownFileType = sourcecode.swift; path = JWTManager.swift; sourceTree = "<group>"; };
		84C94CA521E732190086991D /* SettingsSectionsBuilder.swift */ = {isa = PBXFileReference; lastKnownFileType = sourcecode.swift; path = SettingsSectionsBuilder.swift; sourceTree = "<group>"; };
		84C94CA721E7398F0086991D /* AuthContext.swift */ = {isa = PBXFileReference; lastKnownFileType = sourcecode.swift; path = AuthContext.swift; sourceTree = "<group>"; };
		84C94CB321E766260086991D /* UITableViewCell+Height.swift */ = {isa = PBXFileReference; lastKnownFileType = sourcecode.swift; path = "UITableViewCell+Height.swift"; sourceTree = "<group>"; };
		84C94CB721E768520086991D /* SettingsSectionsBuilderTests.swift */ = {isa = PBXFileReference; lastKnownFileType = sourcecode.swift; path = SettingsSectionsBuilderTests.swift; sourceTree = "<group>"; };
		84CFB07221D7A19A0020073C /* DisclosureIndicatorTableViewCell.swift */ = {isa = PBXFileReference; fileEncoding = 4; lastKnownFileType = sourcecode.swift; path = DisclosureIndicatorTableViewCell.swift; sourceTree = "<group>"; };
		84CFB07421D7A1C40020073C /* RightDetailTableViewCell.swift */ = {isa = PBXFileReference; lastKnownFileType = sourcecode.swift; path = RightDetailTableViewCell.swift; sourceTree = "<group>"; };
		84CFB07621D7AA920020073C /* SettingsSection.swift */ = {isa = PBXFileReference; lastKnownFileType = sourcecode.swift; path = SettingsSection.swift; sourceTree = "<group>"; };
		84CFB07821D7AACC0020073C /* SettingsPresenter.swift */ = {isa = PBXFileReference; lastKnownFileType = sourcecode.swift; path = SettingsPresenter.swift; sourceTree = "<group>"; };
		84CFB07B21D7B02E0020073C /* ApplicationInfo.swift */ = {isa = PBXFileReference; lastKnownFileType = sourcecode.swift; path = ApplicationInfo.swift; sourceTree = "<group>"; };
		9221B7AB21BE86B50070A526 /* Storyboards.swift */ = {isa = PBXFileReference; lastKnownFileType = sourcecode.swift; path = Storyboards.swift; sourceTree = "<group>"; };
		9221B7AE21BE86DC0070A526 /* StoryboardCreation.swift */ = {isa = PBXFileReference; lastKnownFileType = sourcecode.swift; path = StoryboardCreation.swift; sourceTree = "<group>"; };
		9221B7B721BE87F60070A526 /* MnemonicRecovery.storyboard */ = {isa = PBXFileReference; lastKnownFileType = file.storyboard; path = MnemonicRecovery.storyboard; sourceTree = "<group>"; };
		9221B7B921BE888F0070A526 /* MnemonicRecoveryViewController.swift */ = {isa = PBXFileReference; lastKnownFileType = sourcecode.swift; path = MnemonicRecoveryViewController.swift; sourceTree = "<group>"; };
		9221B7BB21BE88E00070A526 /* MnemonicRecoveryPresenter.swift */ = {isa = PBXFileReference; lastKnownFileType = sourcecode.swift; path = MnemonicRecoveryPresenter.swift; sourceTree = "<group>"; };
		9221B7BD21BE893A0070A526 /* MnemonicHelper.swift */ = {isa = PBXFileReference; lastKnownFileType = sourcecode.swift; path = MnemonicHelper.swift; sourceTree = "<group>"; };
		9221B7BF21BE89F80070A526 /* MnemonicSuggestionsView.swift */ = {isa = PBXFileReference; lastKnownFileType = sourcecode.swift; path = MnemonicSuggestionsView.swift; sourceTree = "<group>"; };
		9221B7C121BE8A120070A526 /* MnemonicSuggestionsViewCell.swift */ = {isa = PBXFileReference; lastKnownFileType = sourcecode.swift; path = MnemonicSuggestionsViewCell.swift; sourceTree = "<group>"; };
		9221B7C321BE8A310070A526 /* MnemonicSuggestionsView.xib */ = {isa = PBXFileReference; lastKnownFileType = file.xib; path = MnemonicSuggestionsView.xib; sourceTree = "<group>"; };
		9221B7C521BE8A520070A526 /* MnemonicSuggestionsViewCell.xib */ = {isa = PBXFileReference; lastKnownFileType = file.xib; path = MnemonicSuggestionsViewCell.xib; sourceTree = "<group>"; };
		9221B7C921BE91570070A526 /* MnemonicHelperTest.swift */ = {isa = PBXFileReference; lastKnownFileType = sourcecode.swift; path = MnemonicHelperTest.swift; sourceTree = "<group>"; };
		9221B7CC21BF9A3A0070A526 /* MnemonicRecoveryViewSpy.swift */ = {isa = PBXFileReference; lastKnownFileType = sourcecode.swift; path = MnemonicRecoveryViewSpy.swift; sourceTree = "<group>"; };
		9221B7CE21BF9AD80070A526 /* MnemonicRecoveryPresenterTest.swift */ = {isa = PBXFileReference; lastKnownFileType = sourcecode.swift; path = MnemonicRecoveryPresenterTest.swift; sourceTree = "<group>"; };
		922C641221CB8E7100EDD409 /* HomePresenter.swift */ = {isa = PBXFileReference; lastKnownFileType = sourcecode.swift; path = HomePresenter.swift; sourceTree = "<group>"; };
		922C641521CBA4D200EDD409 /* TransactionListPresenter.swift */ = {isa = PBXFileReference; lastKnownFileType = sourcecode.swift; path = TransactionListPresenter.swift; sourceTree = "<group>"; };
		922C641821CBA7C300EDD409 /* TransactionListTableViewCell.swift */ = {isa = PBXFileReference; lastKnownFileType = sourcecode.swift; path = TransactionListTableViewCell.swift; sourceTree = "<group>"; };
		922C641A21CBB56B00EDD409 /* TransactionDetailsViewController.swift */ = {isa = PBXFileReference; lastKnownFileType = sourcecode.swift; path = TransactionDetailsViewController.swift; sourceTree = "<group>"; };
		922C641C21CBB5C400EDD409 /* TransactionDetailsPresenter.swift */ = {isa = PBXFileReference; lastKnownFileType = sourcecode.swift; path = TransactionDetailsPresenter.swift; sourceTree = "<group>"; };
		922C642521CD37B200EDD409 /* AuthenticationService.swift */ = {isa = PBXFileReference; lastKnownFileType = sourcecode.swift; path = AuthenticationService.swift; sourceTree = "<group>"; };
		9232EC6D21C0F5B800F8EBD4 /* MnemonicGenerationViewController.swift */ = {isa = PBXFileReference; lastKnownFileType = sourcecode.swift; path = MnemonicGenerationViewController.swift; sourceTree = "<group>"; };
		9232EC7421C0FA2800F8EBD4 /* MnemonicGenerationPresenter.swift */ = {isa = PBXFileReference; lastKnownFileType = sourcecode.swift; path = MnemonicGenerationPresenter.swift; sourceTree = "<group>"; };
		9232EC7721C11C2700F8EBD4 /* MnemonicCollectionViewCell.swift */ = {isa = PBXFileReference; lastKnownFileType = sourcecode.swift; path = MnemonicCollectionViewCell.swift; sourceTree = "<group>"; };
		9232EC7921C11D1D00F8EBD4 /* MnemonicGeneration.storyboard */ = {isa = PBXFileReference; lastKnownFileType = file.storyboard; path = MnemonicGeneration.storyboard; sourceTree = "<group>"; };
		9232EC7B21C11F1F00F8EBD4 /* MnemonicGenerationPresenterTest.swift */ = {isa = PBXFileReference; lastKnownFileType = sourcecode.swift; path = MnemonicGenerationPresenterTest.swift; sourceTree = "<group>"; };
		9232EC7D21C11FDA00F8EBD4 /* MnemonicGenerationViewSpy.swift */ = {isa = PBXFileReference; lastKnownFileType = sourcecode.swift; path = MnemonicGenerationViewSpy.swift; sourceTree = "<group>"; };
		9232EC7F21C1422800F8EBD4 /* MnemonicVerificationViewController.swift */ = {isa = PBXFileReference; lastKnownFileType = sourcecode.swift; path = MnemonicVerificationViewController.swift; sourceTree = "<group>"; };
		9232EC8121C1425800F8EBD4 /* MnemonicVerificationPresenter.swift */ = {isa = PBXFileReference; lastKnownFileType = sourcecode.swift; path = MnemonicVerificationPresenter.swift; sourceTree = "<group>"; };
		9232EC8321C24CC600F8EBD4 /* MnemonicVerificationPresenterTest.swift */ = {isa = PBXFileReference; lastKnownFileType = sourcecode.swift; path = MnemonicVerificationPresenterTest.swift; sourceTree = "<group>"; };
		9232EC8521C24D3200F8EBD4 /* MnemonicVerificationViewSpy.swift */ = {isa = PBXFileReference; lastKnownFileType = sourcecode.swift; path = MnemonicVerificationViewSpy.swift; sourceTree = "<group>"; };
		925CCACC21DCAC9C00E75602 /* OperationViewController.swift */ = {isa = PBXFileReference; lastKnownFileType = sourcecode.swift; path = OperationViewController.swift; sourceTree = "<group>"; };
		925CCACE21DCAD5A00E75602 /* OperationDetailsTableViewCell.swift */ = {isa = PBXFileReference; lastKnownFileType = sourcecode.swift; path = OperationDetailsTableViewCell.swift; sourceTree = "<group>"; };
		925CCAD621DCB0F600E75602 /* Transactions.storyboard */ = {isa = PBXFileReference; fileEncoding = 4; lastKnownFileType = file.storyboard; path = Transactions.storyboard; sourceTree = "<group>"; };
		925CCAD821DCD37500E75602 /* OperationType+Description.swift */ = {isa = PBXFileReference; lastKnownFileType = sourcecode.swift; path = "OperationType+Description.swift"; sourceTree = "<group>"; };
		925CCADA21DCF7F900E75602 /* OperationPresenter.swift */ = {isa = PBXFileReference; lastKnownFileType = sourcecode.swift; path = OperationPresenter.swift; sourceTree = "<group>"; };
		925CCAE021DE4CE200E75602 /* TransactionStatusViewController.swift */ = {isa = PBXFileReference; lastKnownFileType = sourcecode.swift; path = TransactionStatusViewController.swift; sourceTree = "<group>"; };
		9277AB8321C8E7C200379971 /* APIRequestLoader.swift */ = {isa = PBXFileReference; lastKnownFileType = sourcecode.swift; path = APIRequestLoader.swift; sourceTree = "<group>"; };
		9277AB8721C8E85C00379971 /* ServerRequestError.swift */ = {isa = PBXFileReference; lastKnownFileType = sourcecode.swift; path = ServerRequestError.swift; sourceTree = "<group>"; };
		9277AB8921C8E8A700379971 /* NetworkingResult.swift */ = {isa = PBXFileReference; lastKnownFileType = sourcecode.swift; path = NetworkingResult.swift; sourceTree = "<group>"; };
		9277AB8B21C8EB2B00379971 /* PendingTransactionListRequest.swift */ = {isa = PBXFileReference; lastKnownFileType = sourcecode.swift; path = PendingTransactionListRequest.swift; sourceTree = "<group>"; };
		9277AB9221C9018400379971 /* APIRequest.swift */ = {isa = PBXFileReference; lastKnownFileType = sourcecode.swift; path = APIRequest.swift; sourceTree = "<group>"; };
		9277AB9D21C91F9A00379971 /* SubmitSignedTransactionRequest.swift */ = {isa = PBXFileReference; lastKnownFileType = sourcecode.swift; path = SubmitSignedTransactionRequest.swift; sourceTree = "<group>"; };
		9277ABA021CA599F00379971 /* TabBarViewController.swift */ = {isa = PBXFileReference; lastKnownFileType = sourcecode.swift; path = TabBarViewController.swift; sourceTree = "<group>"; };
		9277ABA221CA59BE00379971 /* TabBar.storyboard */ = {isa = PBXFileReference; lastKnownFileType = file.storyboard; path = TabBar.storyboard; sourceTree = "<group>"; };
		9277ABA521CA5A8D00379971 /* HomeViewController.swift */ = {isa = PBXFileReference; lastKnownFileType = sourcecode.swift; path = HomeViewController.swift; sourceTree = "<group>"; };
		9277ABA721CA5AC500379971 /* Home.storyboard */ = {isa = PBXFileReference; lastKnownFileType = file.storyboard; path = Home.storyboard; sourceTree = "<group>"; };
		9277ABAC21CA5B5700379971 /* TransactionListViewController.swift */ = {isa = PBXFileReference; lastKnownFileType = sourcecode.swift; path = TransactionListViewController.swift; sourceTree = "<group>"; };
		9277ABB121CA748F00379971 /* Constants.swift */ = {isa = PBXFileReference; lastKnownFileType = sourcecode.swift; path = Constants.swift; sourceTree = "<group>"; };
		9277ABB421CA75C300379971 /* PaginationResponse.swift */ = {isa = PBXFileReference; lastKnownFileType = sourcecode.swift; path = PaginationResponse.swift; sourceTree = "<group>"; };
		9277ABB721CA770D00379971 /* Transaction.swift */ = {isa = PBXFileReference; lastKnownFileType = sourcecode.swift; path = Transaction.swift; sourceTree = "<group>"; };
		9277ABBA21CA927400379971 /* PendingTransactionListRequestTests.swift */ = {isa = PBXFileReference; lastKnownFileType = sourcecode.swift; path = PendingTransactionListRequestTests.swift; sourceTree = "<group>"; };
		9277EDA121D50BEC0043F3E8 /* OperationTableViewCell.swift */ = {isa = PBXFileReference; lastKnownFileType = sourcecode.swift; path = OperationTableViewCell.swift; sourceTree = "<group>"; };
		9277EDA421D52D970043F3E8 /* TransactionHelper.swift */ = {isa = PBXFileReference; lastKnownFileType = sourcecode.swift; path = TransactionHelper.swift; sourceTree = "<group>"; };
		9277EDA621D52E350043F3E8 /* TransactionHelperTests.swift */ = {isa = PBXFileReference; lastKnownFileType = sourcecode.swift; path = TransactionHelperTests.swift; sourceTree = "<group>"; };
		9277EDAA21D53F1F0043F3E8 /* SettingsViewController.swift */ = {isa = PBXFileReference; lastKnownFileType = sourcecode.swift; path = SettingsViewController.swift; sourceTree = "<group>"; };
		9277EDAC21D53F3B0043F3E8 /* Settings.storyboard */ = {isa = PBXFileReference; lastKnownFileType = file.storyboard; path = Settings.storyboard; sourceTree = "<group>"; };
		92BD385521C7AFF500E974E0 /* MnemonicMenuViewController.swift */ = {isa = PBXFileReference; lastKnownFileType = sourcecode.swift; path = MnemonicMenuViewController.swift; sourceTree = "<group>"; };
		92BD385721C7B02000E974E0 /* MnemonicMenu.storyboard */ = {isa = PBXFileReference; lastKnownFileType = file.storyboard; path = MnemonicMenu.storyboard; sourceTree = "<group>"; };
		92C4155B21E5E1B500960170 /* CrashlyticsService.swift */ = {isa = PBXFileReference; lastKnownFileType = sourcecode.swift; path = CrashlyticsService.swift; sourceTree = "<group>"; };
		92C4155D21E61C3200960170 /* String+Localized.swift */ = {isa = PBXFileReference; lastKnownFileType = sourcecode.swift; path = "String+Localized.swift"; sourceTree = "<group>"; };
		92C4155F21E620F200960170 /* UIAlertController+Alert.swift */ = {isa = PBXFileReference; lastKnownFileType = sourcecode.swift; path = "UIAlertController+Alert.swift"; sourceTree = "<group>"; };
		92D3768E21BAA95B00504713 /* LOBSTR Vault.app */ = {isa = PBXFileReference; explicitFileType = wrapper.application; includeInIndex = 0; path = "LOBSTR Vault.app"; sourceTree = BUILT_PRODUCTS_DIR; };
		92D3769121BAA95B00504713 /* AppDelegate.swift */ = {isa = PBXFileReference; lastKnownFileType = sourcecode.swift; path = AppDelegate.swift; sourceTree = "<group>"; };
		92D3769821BAA95B00504713 /* Assets.xcassets */ = {isa = PBXFileReference; lastKnownFileType = folder.assetcatalog; path = Assets.xcassets; sourceTree = "<group>"; };
		92D3769B21BAA95B00504713 /* Base */ = {isa = PBXFileReference; lastKnownFileType = file.storyboard; name = Base; path = Base.lproj/LaunchScreen.storyboard; sourceTree = "<group>"; };
		92D3769D21BAA95B00504713 /* Info.plist */ = {isa = PBXFileReference; lastKnownFileType = text.plist.xml; path = Info.plist; sourceTree = "<group>"; };
		92D376A221BAA95B00504713 /* LOBSTR VaultTests.xctest */ = {isa = PBXFileReference; explicitFileType = wrapper.cfbundle; includeInIndex = 0; path = "LOBSTR VaultTests.xctest"; sourceTree = BUILT_PRODUCTS_DIR; };
		92D376A821BAA95C00504713 /* Info.plist */ = {isa = PBXFileReference; lastKnownFileType = text.plist.xml; path = Info.plist; sourceTree = "<group>"; };
		92E48FC921E4D517006281E4 /* Errors.swift */ = {isa = PBXFileReference; lastKnownFileType = sourcecode.swift; path = Errors.swift; sourceTree = "<group>"; };
		92E48FCC21E4EE38006281E4 /* Localizable.strings */ = {isa = PBXFileReference; lastKnownFileType = text.plist.strings; path = Localizable.strings; sourceTree = "<group>"; };
		92E48FCE21E4F2BA006281E4 /* GoogleService-Info.plist */ = {isa = PBXFileReference; fileEncoding = 4; lastKnownFileType = text.plist.xml; path = "GoogleService-Info.plist"; sourceTree = "<group>"; };
		92E95F9F21D3BC4D00E5645D /* ChallengeRequest.swift */ = {isa = PBXFileReference; lastKnownFileType = sourcecode.swift; path = ChallengeRequest.swift; sourceTree = "<group>"; };
		92E95FA121D3BE9600E5645D /* SubmitChallengeRequest.swift */ = {isa = PBXFileReference; lastKnownFileType = sourcecode.swift; path = SubmitChallengeRequest.swift; sourceTree = "<group>"; };
		A01C52A9C6472830E8944154 /* Pods_LOBSTR_Vault.framework */ = {isa = PBXFileReference; explicitFileType = wrapper.framework; includeInIndex = 0; path = Pods_LOBSTR_Vault.framework; sourceTree = BUILT_PRODUCTS_DIR; };
		D5F14E4ADD030093E6C95C68 /* Pods-LOBSTR VaultTests.debug.xcconfig */ = {isa = PBXFileReference; includeInIndex = 1; lastKnownFileType = text.xcconfig; name = "Pods-LOBSTR VaultTests.debug.xcconfig"; path = "Pods/Target Support Files/Pods-LOBSTR VaultTests/Pods-LOBSTR VaultTests.debug.xcconfig"; sourceTree = "<group>"; };
		E2FEF80546C9EBC9190AF12C /* Pods-LOBSTR VaultTests.release.xcconfig */ = {isa = PBXFileReference; includeInIndex = 1; lastKnownFileType = text.xcconfig; name = "Pods-LOBSTR VaultTests.release.xcconfig"; path = "Pods/Target Support Files/Pods-LOBSTR VaultTests/Pods-LOBSTR VaultTests.release.xcconfig"; sourceTree = "<group>"; };
		FF9592844080E3A3C536D579 /* Pods-LOBSTR Vault.release.xcconfig */ = {isa = PBXFileReference; includeInIndex = 1; lastKnownFileType = text.xcconfig; name = "Pods-LOBSTR Vault.release.xcconfig"; path = "Pods/Target Support Files/Pods-LOBSTR Vault/Pods-LOBSTR Vault.release.xcconfig"; sourceTree = "<group>"; };
/* End PBXFileReference section */

/* Begin PBXFrameworksBuildPhase section */
		92D3768B21BAA95B00504713 /* Frameworks */ = {
			isa = PBXFrameworksBuildPhase;
			buildActionMask = 2147483647;
			files = (
				2E44052CB4FA324F7B665BA1 /* Pods_LOBSTR_Vault.framework in Frameworks */,
			);
			runOnlyForDeploymentPostprocessing = 0;
		};
		92D3769F21BAA95B00504713 /* Frameworks */ = {
			isa = PBXFrameworksBuildPhase;
			buildActionMask = 2147483647;
			files = (
				A3F5F6A151BBA6DC6871C53E /* Pods_LOBSTR_VaultTests.framework in Frameworks */,
			);
			runOnlyForDeploymentPostprocessing = 0;
		};
/* End PBXFrameworksBuildPhase section */

/* Begin PBXGroup section */
		844C580B21CA4F96008B44B2 /* Presenters */ = {
			isa = PBXGroup;
			children = (
				8477AC3621DCF59500D75173 /* PinPresenter.swift */,
				844C580C21CA4FB7008B44B2 /* PinPresenterImpl.swift */,
			);
			path = Presenters;
			sourceTree = "<group>";
		};
		844C581221CA6BD2008B44B2 /* PinManager */ = {
			isa = PBXGroup;
			children = (
				844C581321CA6BEE008B44B2 /* PinManagerTests.swift */,
			);
			path = PinManager;
			sourceTree = "<group>";
		};
		844C581521CA6C95008B44B2 /* Models */ = {
			isa = PBXGroup;
			children = (
				8486F68721CB8A000099F1F2 /* PinManager.swift */,
				84BBE7FE21CE32C90074CCC3 /* JWTManager.swift */,
				8477AC3421DCF54300D75173 /* PinMode.swift */,
			);
			path = Models;
			sourceTree = "<group>";
		};
		844C581921CA80E0008B44B2 /* Coordinator */ = {
			isa = PBXGroup;
			children = (
				844C581A21CA8101008B44B2 /* ApplicationCoordinator.swift */,
			);
			path = Coordinator;
			sourceTree = "<group>";
		};
		845CDCA021C92DF300791C94 /* Pin */ = {
			isa = PBXGroup;
			children = (
				845CDCB321C931F400791C94 /* Pin.storyboard */,
				844C581521CA6C95008B44B2 /* Models */,
				845CDCA621C9309B00791C94 /* Views */,
				844C580B21CA4F96008B44B2 /* Presenters */,
				845CDCA321C92E3500791C94 /* Controllers */,
			);
			path = Pin;
			sourceTree = "<group>";
		};
		845CDCA321C92E3500791C94 /* Controllers */ = {
			isa = PBXGroup;
			children = (
				845CDCA421C92E6300791C94 /* PinViewController.swift */,
			);
			path = Controllers;
			sourceTree = "<group>";
		};
		845CDCA621C9309B00791C94 /* Views */ = {
			isa = PBXGroup;
			children = (
				845CDCA721C9309B00791C94 /* NumberPadView */,
				845CDCAA21C9309B00791C94 /* PinView */,
			);
			path = Views;
			sourceTree = "<group>";
		};
		845CDCA721C9309B00791C94 /* NumberPadView */ = {
			isa = PBXGroup;
			children = (
				845CDCA821C9309B00791C94 /* NumberPadView.swift */,
				845CDCA921C9309B00791C94 /* NumberPadView.xib */,
			);
			path = NumberPadView;
			sourceTree = "<group>";
		};
		845CDCAA21C9309B00791C94 /* PinView */ = {
			isa = PBXGroup;
			children = (
				845CDCAB21C9309B00791C94 /* PinInputView.swift */,
				845CDCAC21C9309B00791C94 /* PinInputView.xib */,
			);
			path = PinView;
			sourceTree = "<group>";
		};
		84835AB721D64B210039F1C5 /* Constants */ = {
			isa = PBXGroup;
			children = (
				9277ABB121CA748F00379971 /* Constants.swift */,
			);
			path = Constants;
			sourceTree = "<group>";
		};
		84835AB821D651A10039F1C5 /* Extensions */ = {
			isa = PBXGroup;
			children = (
				84835AB921D651B50039F1C5 /* UITableView+Dequeue.swift */,
				925CCAD821DCD37500E75602 /* OperationType+Description.swift */,
				92C4155D21E61C3200960170 /* String+Localized.swift */,
				92C4155F21E620F200960170 /* UIAlertController+Alert.swift */,
				84C94CB321E766260086991D /* UITableViewCell+Height.swift */,
			);
			path = Extensions;
			sourceTree = "<group>";
		};
		84835ABD21D652030039F1C5 /* Views */ = {
			isa = PBXGroup;
			children = (
				84CFB07221D7A19A0020073C /* DisclosureIndicatorTableViewCell.swift */,
				84CFB07421D7A1C40020073C /* RightDetailTableViewCell.swift */,
				84835ABE21D652370039F1C5 /* PublicKeyTableViewCell.swift */,
				844639CE21DCE73700719011 /* BiometricIDTableViewCell.swift */,
			);
			path = Views;
			sourceTree = "<group>";
		};
		84835AC021D65C090039F1C5 /* Presenters */ = {
			isa = PBXGroup;
			children = (
				84CFB07821D7AACC0020073C /* SettingsPresenter.swift */,
				84835AC121D65C1C0039F1C5 /* SettingsPresenterImpl.swift */,
			);
			path = Presenters;
			sourceTree = "<group>";
		};
		84A0C3CF21C7B0F8007A076F /* Storage */ = {
			isa = PBXGroup;
			children = (
				84A0C3D021C7B0F8007A076F /* VaultStorage.swift */,
				84A0C3D521C7DCC3007A076F /* VaultStorage+Cryptography.swift */,
				84A0C3D721C7DCF0007A076F /* VaultStorage+Keychain.swift */,
				8486F68B21CBAF2A0099F1F2 /* KeychainManager.swift */,
			);
			path = Storage;
			sourceTree = "<group>";
		};
		84A0C3D221C7B12A007A076F /* VaultStorageTests */ = {
			isa = PBXGroup;
			children = (
				84A0C3D321C7B143007A076F /* VaultStorageTests.swift */,
			);
			path = VaultStorageTests;
			sourceTree = "<group>";
		};
		84A0C3D921C7E471007A076F /* MnemonicManagerTests */ = {
			isa = PBXGroup;
			children = (
				84A0C3DA21C7E60B007A076F /* MnemonicManagerTests.swift */,
			);
			path = MnemonicManagerTests;
			sourceTree = "<group>";
		};
		84A0C3DC21C7E68B007A076F /* Models */ = {
			isa = PBXGroup;
			children = (
				84A0C3DD21C7E6A6007A076F /* MnemonicManager.swift */,
			);
			path = Models;
			sourceTree = "<group>";
		};
		84A825F821E4BDD5004EF5D9 /* BiometricID */ = {
			isa = PBXGroup;
			children = (
				84A825F921E4BDF7004EF5D9 /* BiometricID.storyboard */,
				84A8260321E4D4CD004EF5D9 /* Models */,
				84A825FE21E4BE41004EF5D9 /* Presenters */,
				84A825FB21E4BE25004EF5D9 /* Controllers */,
			);
			path = BiometricID;
			sourceTree = "<group>";
		};
		84A825FB21E4BE25004EF5D9 /* Controllers */ = {
			isa = PBXGroup;
			children = (
				84A825FF21E4BE5B004EF5D9 /* BiometricIDViewController.swift */,
			);
			path = Controllers;
			sourceTree = "<group>";
		};
		84A825FE21E4BE41004EF5D9 /* Presenters */ = {
			isa = PBXGroup;
			children = (
				84A8260121E4C92A004EF5D9 /* BiometricIDPresenter.swift */,
			);
			path = Presenters;
			sourceTree = "<group>";
		};
		84A8260321E4D4CD004EF5D9 /* Models */ = {
			isa = PBXGroup;
			children = (
				8410CE3321E6221C0088546C /* BiometricAuthManager.swift */,
				84C94CA721E7398F0086991D /* AuthContext.swift */,
			);
			path = Models;
			sourceTree = "<group>";
		};
		84A8260621E4D54A004EF5D9 /* Enums */ = {
			isa = PBXGroup;
			children = (
				9221B7AB21BE86B50070A526 /* Storyboards.swift */,
				8486F68921CBA8660099F1F2 /* Device.swift */,
				84A8260721E4D570004EF5D9 /* BiometricType.swift */,
			);
			path = Enums;
			sourceTree = "<group>";
		};
		84A8260B21E4F0A6004EF5D9 /* BiometricAuthManagerTests */ = {
			isa = PBXGroup;
			children = (
				8410CE3521E622A60088546C /* BiometricAuthManagerTests.swift */,
			);
			path = BiometricAuthManagerTests;
			sourceTree = "<group>";
		};
		84C94CB521E767D70086991D /* SettingsTests */ = {
			isa = PBXGroup;
			children = (
				84C94CB621E767E40086991D /* SettingsSectionsBuilderTests */,
			);
			path = SettingsTests;
			sourceTree = "<group>";
		};
		84C94CB621E767E40086991D /* SettingsSectionsBuilderTests */ = {
			isa = PBXGroup;
			children = (
				84C94CB721E768520086991D /* SettingsSectionsBuilderTests.swift */,
			);
			path = SettingsSectionsBuilderTests;
			sourceTree = "<group>";
		};
		84CFB07A21D7AFE40020073C /* Models */ = {
			isa = PBXGroup;
			children = (
				84CFB07621D7AA920020073C /* SettingsSection.swift */,
				84A8261021E4F415004EF5D9 /* KeyValueStorage.swift */,
				84C94CA521E732190086991D /* SettingsSectionsBuilder.swift */,
				84CFB07B21D7B02E0020073C /* ApplicationInfo.swift */,
			);
			path = Models;
			sourceTree = "<group>";
		};
		9221B7A921BE869A0070A526 /* Core */ = {
			isa = PBXGroup;
			children = (
				92E48FC821E4D4BF006281E4 /* Errors */,
				84835AB821D651A10039F1C5 /* Extensions */,
				84A8260621E4D54A004EF5D9 /* Enums */,
				84835AB721D64B210039F1C5 /* Constants */,
				92E95F9E21D393FB00E5645D /* Helpers */,
				9277AB8221C8E53800379971 /* Networking */,
				9221B7AD21BE86C90070A526 /* Protocols */,
				844C581921CA80E0008B44B2 /* Coordinator */,
				84A0C3CF21C7B0F8007A076F /* Storage */,
			);
			path = Core;
			sourceTree = "<group>";
		};
		9221B7AD21BE86C90070A526 /* Protocols */ = {
			isa = PBXGroup;
			children = (
				845CDCB121C930B900791C94 /* Shakeable.swift */,
				9221B7AE21BE86DC0070A526 /* StoryboardCreation.swift */,
				9277AB9221C9018400379971 /* APIRequest.swift */,
				84835ABB21D651E60039F1C5 /* ReusableView.swift */,
			);
			path = Protocols;
			sourceTree = "<group>";
		};
		9221B7B021BE87370070A526 /* Classes */ = {
			isa = PBXGroup;
			children = (
				9232EC8721C2F7EC00F8EBD4 /* AppDelegate */,
				9221B7A921BE869A0070A526 /* Core */,
				9277AB9F21CA598200379971 /* TabBar */,
				9277ABA421CA5A7800379971 /* Home */,
				9277ABA921CA5B1400379971 /* Transactions */,
				925CCADC21DE49B500E75602 /* Operations */,
				92BD385221C79BAF00E974E0 /* MnemonicMenu */,
				9221B7B221BE87880070A526 /* MnemonicGeneration */,
				9221B7B121BE87710070A526 /* MnemonicRecovery */,
				845CDCA021C92DF300791C94 /* Pin */,
				84A825F821E4BDD5004EF5D9 /* BiometricID */,
				9277EDA821D53EFD0043F3E8 /* Settings */,
			);
			path = Classes;
			sourceTree = "<group>";
		};
		9221B7B121BE87710070A526 /* MnemonicRecovery */ = {
			isa = PBXGroup;
			children = (
				9221B7B721BE87F60070A526 /* MnemonicRecovery.storyboard */,
				9221B7B521BE87CE0070A526 /* Presenters */,
				9221B7B421BE87C40070A526 /* Views */,
				9221B7B321BE87B60070A526 /* Controllers */,
			);
			path = MnemonicRecovery;
			sourceTree = "<group>";
		};
		9221B7B221BE87880070A526 /* MnemonicGeneration */ = {
			isa = PBXGroup;
			children = (
				9232EC7921C11D1D00F8EBD4 /* MnemonicGeneration.storyboard */,
				84A0C3DC21C7E68B007A076F /* Models */,
				9232EC7621C0FB4C00F8EBD4 /* Views */,
				9232EC7321C0FA1300F8EBD4 /* Presenters */,
				9232EC6C21C0F51700F8EBD4 /* Controllers */,
			);
			path = MnemonicGeneration;
			sourceTree = "<group>";
		};
		9221B7B321BE87B60070A526 /* Controllers */ = {
			isa = PBXGroup;
			children = (
				9221B7B921BE888F0070A526 /* MnemonicRecoveryViewController.swift */,
			);
			path = Controllers;
			sourceTree = "<group>";
		};
		9221B7B421BE87C40070A526 /* Views */ = {
			isa = PBXGroup;
			children = (
				9221B7BF21BE89F80070A526 /* MnemonicSuggestionsView.swift */,
				9221B7C121BE8A120070A526 /* MnemonicSuggestionsViewCell.swift */,
				9221B7C321BE8A310070A526 /* MnemonicSuggestionsView.xib */,
				9221B7C521BE8A520070A526 /* MnemonicSuggestionsViewCell.xib */,
			);
			path = Views;
			sourceTree = "<group>";
		};
		9221B7B521BE87CE0070A526 /* Presenters */ = {
			isa = PBXGroup;
			children = (
				9221B7BB21BE88E00070A526 /* MnemonicRecoveryPresenter.swift */,
			);
			path = Presenters;
			sourceTree = "<group>";
		};
		9221B7C721BE91110070A526 /* Helpers */ = {
			isa = PBXGroup;
			children = (
				9221B7C921BE91570070A526 /* MnemonicHelperTest.swift */,
				9277EDA621D52E350043F3E8 /* TransactionHelperTests.swift */,
			);
			path = Helpers;
			sourceTree = "<group>";
		};
		9221B7C821BE912A0070A526 /* Presenters */ = {
			isa = PBXGroup;
			children = (
				9221B7CE21BF9AD80070A526 /* MnemonicRecoveryPresenterTest.swift */,
				9232EC7B21C11F1F00F8EBD4 /* MnemonicGenerationPresenterTest.swift */,
				9232EC8321C24CC600F8EBD4 /* MnemonicVerificationPresenterTest.swift */,
				844C580E21CA5D13008B44B2 /* PinPresenterTests.swift */,
			);
			path = Presenters;
			sourceTree = "<group>";
		};
		9221B7CB21BF9A170070A526 /* Spies */ = {
			isa = PBXGroup;
			children = (
				9221B7CC21BF9A3A0070A526 /* MnemonicRecoveryViewSpy.swift */,
				9232EC7D21C11FDA00F8EBD4 /* MnemonicGenerationViewSpy.swift */,
				9232EC8521C24D3200F8EBD4 /* MnemonicVerificationViewSpy.swift */,
				844C581021CA5F69008B44B2 /* PinViewSpy.swift */,
			);
			path = Spies;
			sourceTree = "<group>";
		};
		922C641421CBA48E00EDD409 /* Presenters */ = {
			isa = PBXGroup;
			children = (
				922C641521CBA4D200EDD409 /* TransactionListPresenter.swift */,
				922C641C21CBB5C400EDD409 /* TransactionDetailsPresenter.swift */,
			);
			path = Presenters;
			sourceTree = "<group>";
		};
		922C641721CBA7AC00EDD409 /* Views */ = {
			isa = PBXGroup;
			children = (
				922C641821CBA7C300EDD409 /* TransactionListTableViewCell.swift */,
				9277EDA121D50BEC0043F3E8 /* OperationTableViewCell.swift */,
			);
			path = Views;
			sourceTree = "<group>";
		};
		9232EC6C21C0F51700F8EBD4 /* Controllers */ = {
			isa = PBXGroup;
			children = (
				9232EC6D21C0F5B800F8EBD4 /* MnemonicGenerationViewController.swift */,
				9232EC7F21C1422800F8EBD4 /* MnemonicVerificationViewController.swift */,
			);
			path = Controllers;
			sourceTree = "<group>";
		};
		9232EC7321C0FA1300F8EBD4 /* Presenters */ = {
			isa = PBXGroup;
			children = (
				9232EC7421C0FA2800F8EBD4 /* MnemonicGenerationPresenter.swift */,
				9232EC8121C1425800F8EBD4 /* MnemonicVerificationPresenter.swift */,
			);
			path = Presenters;
			sourceTree = "<group>";
		};
		9232EC7621C0FB4C00F8EBD4 /* Views */ = {
			isa = PBXGroup;
			children = (
				9232EC7721C11C2700F8EBD4 /* MnemonicCollectionViewCell.swift */,
			);
			path = Views;
			sourceTree = "<group>";
		};
		9232EC8721C2F7EC00F8EBD4 /* AppDelegate */ = {
			isa = PBXGroup;
			children = (
				92D3769121BAA95B00504713 /* AppDelegate.swift */,
			);
			path = AppDelegate;
			sourceTree = "<group>";
		};
		925CCADC21DE49B500E75602 /* Operations */ = {
			isa = PBXGroup;
			children = (
				925CCADF21DE4AAD00E75602 /* Views */,
				925CCADE21DE49C400E75602 /* Controllers */,
				925CCADD21DE49BC00E75602 /* Presenters */,
			);
			path = Operations;
			sourceTree = "<group>";
		};
		925CCADD21DE49BC00E75602 /* Presenters */ = {
			isa = PBXGroup;
			children = (
				925CCADA21DCF7F900E75602 /* OperationPresenter.swift */,
			);
			path = Presenters;
			sourceTree = "<group>";
		};
		925CCADE21DE49C400E75602 /* Controllers */ = {
			isa = PBXGroup;
			children = (
				925CCACC21DCAC9C00E75602 /* OperationViewController.swift */,
			);
			path = Controllers;
			sourceTree = "<group>";
		};
		925CCADF21DE4AAD00E75602 /* Views */ = {
			isa = PBXGroup;
			children = (
				925CCACE21DCAD5A00E75602 /* OperationDetailsTableViewCell.swift */,
			);
			path = Views;
			sourceTree = "<group>";
		};
		9277AB8221C8E53800379971 /* Networking */ = {
			isa = PBXGroup;
			children = (
				9277AB9621C902AF00379971 /* Authentication */,
				9277ABB321CA75B400379971 /* Pagination */,
				9277AB8621C8E84E00379971 /* Errors */,
				9277AB8521C8E7E300379971 /* Request */,
				9277AB8321C8E7C200379971 /* APIRequestLoader.swift */,
				9277AB8921C8E8A700379971 /* NetworkingResult.swift */,
			);
			path = Networking;
			sourceTree = "<group>";
		};
		9277AB8521C8E7E300379971 /* Request */ = {
			isa = PBXGroup;
			children = (
				9277AB8B21C8EB2B00379971 /* PendingTransactionListRequest.swift */,
				9277AB9D21C91F9A00379971 /* SubmitSignedTransactionRequest.swift */,
				92E95F9F21D3BC4D00E5645D /* ChallengeRequest.swift */,
				92E95FA121D3BE9600E5645D /* SubmitChallengeRequest.swift */,
			);
			path = Request;
			sourceTree = "<group>";
		};
		9277AB8621C8E84E00379971 /* Errors */ = {
			isa = PBXGroup;
			children = (
				9277AB8721C8E85C00379971 /* ServerRequestError.swift */,
			);
			path = Errors;
			sourceTree = "<group>";
		};
		9277AB9621C902AF00379971 /* Authentication */ = {
			isa = PBXGroup;
			children = (
				922C642521CD37B200EDD409 /* AuthenticationService.swift */,
			);
			path = Authentication;
			sourceTree = "<group>";
		};
		9277AB9F21CA598200379971 /* TabBar */ = {
			isa = PBXGroup;
			children = (
				9277ABA221CA59BE00379971 /* TabBar.storyboard */,
				9277ABA021CA599F00379971 /* TabBarViewController.swift */,
			);
			path = TabBar;
			sourceTree = "<group>";
		};
		9277ABA421CA5A7800379971 /* Home */ = {
			isa = PBXGroup;
			children = (
				9277ABB021CA5DE200379971 /* Presenters */,
				9277ABAA21CA5B3600379971 /* Controllers */,
				9277ABA721CA5AC500379971 /* Home.storyboard */,
			);
			path = Home;
			sourceTree = "<group>";
		};
		9277ABA921CA5B1400379971 /* Transactions */ = {
			isa = PBXGroup;
			children = (
				925CCAD621DCB0F600E75602 /* Transactions.storyboard */,
				922C641721CBA7AC00EDD409 /* Views */,
				922C641421CBA48E00EDD409 /* Presenters */,
				9277ABB621CA76F700379971 /* Models */,
				9277ABAB21CA5B4100379971 /* Controllers */,
			);
			path = Transactions;
			sourceTree = "<group>";
		};
		9277ABAA21CA5B3600379971 /* Controllers */ = {
			isa = PBXGroup;
			children = (
				9277ABA521CA5A8D00379971 /* HomeViewController.swift */,
			);
			path = Controllers;
			sourceTree = "<group>";
		};
		9277ABAB21CA5B4100379971 /* Controllers */ = {
			isa = PBXGroup;
			children = (
				9277ABAC21CA5B5700379971 /* TransactionListViewController.swift */,
				922C641A21CBB56B00EDD409 /* TransactionDetailsViewController.swift */,
				925CCAE021DE4CE200E75602 /* TransactionStatusViewController.swift */,
			);
			path = Controllers;
			sourceTree = "<group>";
		};
		9277ABB021CA5DE200379971 /* Presenters */ = {
			isa = PBXGroup;
			children = (
				922C641221CB8E7100EDD409 /* HomePresenter.swift */,
			);
			path = Presenters;
			sourceTree = "<group>";
		};
		9277ABB321CA75B400379971 /* Pagination */ = {
			isa = PBXGroup;
			children = (
				9277ABB421CA75C300379971 /* PaginationResponse.swift */,
			);
			path = Pagination;
			sourceTree = "<group>";
		};
		9277ABB621CA76F700379971 /* Models */ = {
			isa = PBXGroup;
			children = (
				9277ABB721CA770D00379971 /* Transaction.swift */,
			);
			path = Models;
			sourceTree = "<group>";
		};
		9277ABB921CA923500379971 /* Requests */ = {
			isa = PBXGroup;
			children = (
				9277ABBA21CA927400379971 /* PendingTransactionListRequestTests.swift */,
			);
			path = Requests;
			sourceTree = "<group>";
		};
		9277EDA821D53EFD0043F3E8 /* Settings */ = {
			isa = PBXGroup;
			children = (
				9277EDAC21D53F3B0043F3E8 /* Settings.storyboard */,
				84CFB07A21D7AFE40020073C /* Models */,
				84835ABD21D652030039F1C5 /* Views */,
				84835AC021D65C090039F1C5 /* Presenters */,
				9277EDA921D53F060043F3E8 /* Controllers */,
			);
			path = Settings;
			sourceTree = "<group>";
		};
		9277EDA921D53F060043F3E8 /* Controllers */ = {
			isa = PBXGroup;
			children = (
				9277EDAA21D53F1F0043F3E8 /* SettingsViewController.swift */,
			);
			path = Controllers;
			sourceTree = "<group>";
		};
		92BD385221C79BAF00E974E0 /* MnemonicMenu */ = {
			isa = PBXGroup;
			children = (
				92BD385721C7B02000E974E0 /* MnemonicMenu.storyboard */,
				92BD385421C79C0400E974E0 /* Controllers */,
			);
			path = MnemonicMenu;
			sourceTree = "<group>";
		};
		92BD385421C79C0400E974E0 /* Controllers */ = {
			isa = PBXGroup;
			children = (
				92BD385521C7AFF500E974E0 /* MnemonicMenuViewController.swift */,
			);
			path = Controllers;
			sourceTree = "<group>";
		};
		92D3768521BAA95B00504713 = {
			isa = PBXGroup;
			children = (
				92D3769021BAA95B00504713 /* LOBSTR Vault */,
				92D376A521BAA95C00504713 /* LOBSTR VaultTests */,
				92D3768F21BAA95B00504713 /* Products */,
				AE4E3AF3CE4148F32D4FE5F8 /* Pods */,
				BAD7330339BD369057C29BCC /* Frameworks */,
			);
			sourceTree = "<group>";
		};
		92D3768F21BAA95B00504713 /* Products */ = {
			isa = PBXGroup;
			children = (
				92D3768E21BAA95B00504713 /* LOBSTR Vault.app */,
				92D376A221BAA95B00504713 /* LOBSTR VaultTests.xctest */,
			);
			name = Products;
			sourceTree = "<group>";
		};
		92D3769021BAA95B00504713 /* LOBSTR Vault */ = {
			isa = PBXGroup;
			children = (
				9221B7B021BE87370070A526 /* Classes */,
				92E48FCB21E4EE09006281E4 /* Resources */,
			);
			path = "LOBSTR Vault";
			sourceTree = "<group>";
		};
		92D376A521BAA95C00504713 /* LOBSTR VaultTests */ = {
			isa = PBXGroup;
			children = (
				84A0C3D921C7E471007A076F /* MnemonicManagerTests */,
				84A8260B21E4F0A6004EF5D9 /* BiometricAuthManagerTests */,
				84A0C3D221C7B12A007A076F /* VaultStorageTests */,
				84C94CB521E767D70086991D /* SettingsTests */,
				9277ABB921CA923500379971 /* Requests */,
				844C581221CA6BD2008B44B2 /* PinManager */,
				9221B7CB21BF9A170070A526 /* Spies */,
				9221B7C821BE912A0070A526 /* Presenters */,
				9221B7C721BE91110070A526 /* Helpers */,
				92D376A821BAA95C00504713 /* Info.plist */,
			);
			path = "LOBSTR VaultTests";
			sourceTree = "<group>";
		};
		92E48FC821E4D4BF006281E4 /* Errors */ = {
			isa = PBXGroup;
			children = (
				92E48FC921E4D517006281E4 /* Errors.swift */,
				92C4155B21E5E1B500960170 /* CrashlyticsService.swift */,
			);
			path = Errors;
			sourceTree = "<group>";
		};
		92E48FCB21E4EE09006281E4 /* Resources */ = {
			isa = PBXGroup;
			children = (
				92E48FCE21E4F2BA006281E4 /* GoogleService-Info.plist */,
				92D3769821BAA95B00504713 /* Assets.xcassets */,
				92D3769A21BAA95B00504713 /* LaunchScreen.storyboard */,
				92D3769D21BAA95B00504713 /* Info.plist */,
				92E48FCC21E4EE38006281E4 /* Localizable.strings */,
			);
			path = Resources;
			sourceTree = "<group>";
		};
		92E95F9E21D393FB00E5645D /* Helpers */ = {
			isa = PBXGroup;
			children = (
				9277EDA421D52D970043F3E8 /* TransactionHelper.swift */,
				9221B7BD21BE893A0070A526 /* MnemonicHelper.swift */,
			);
			path = Helpers;
			sourceTree = "<group>";
		};
		AE4E3AF3CE4148F32D4FE5F8 /* Pods */ = {
			isa = PBXGroup;
			children = (
				0CF6E73C09E0BAC79AF0CAC0 /* Pods-LOBSTR Vault.debug.xcconfig */,
				FF9592844080E3A3C536D579 /* Pods-LOBSTR Vault.release.xcconfig */,
				D5F14E4ADD030093E6C95C68 /* Pods-LOBSTR VaultTests.debug.xcconfig */,
				E2FEF80546C9EBC9190AF12C /* Pods-LOBSTR VaultTests.release.xcconfig */,
			);
			name = Pods;
			sourceTree = "<group>";
		};
		BAD7330339BD369057C29BCC /* Frameworks */ = {
			isa = PBXGroup;
			children = (
				A01C52A9C6472830E8944154 /* Pods_LOBSTR_Vault.framework */,
				3EAD3CB51C9072AD81742E3B /* Pods_LOBSTR_VaultTests.framework */,
			);
			name = Frameworks;
			sourceTree = "<group>";
		};
/* End PBXGroup section */

/* Begin PBXNativeTarget section */
		92D3768D21BAA95B00504713 /* LOBSTR Vault */ = {
			isa = PBXNativeTarget;
			buildConfigurationList = 92D376AB21BAA95C00504713 /* Build configuration list for PBXNativeTarget "LOBSTR Vault" */;
			buildPhases = (
				751060B6DD58B61992A04E66 /* [CP] Check Pods Manifest.lock */,
				92D3768A21BAA95B00504713 /* Sources */,
				92D3768B21BAA95B00504713 /* Frameworks */,
				92D3768C21BAA95B00504713 /* Resources */,
				0D8E9B17D1F59035C04A3F9E /* [CP] Embed Pods Frameworks */,
				92E48FD021E4F45D006281E4 /* ShellScript */,
			);
			buildRules = (
			);
			dependencies = (
			);
			name = "LOBSTR Vault";
			productName = "LOBSTR Vault";
			productReference = 92D3768E21BAA95B00504713 /* LOBSTR Vault.app */;
			productType = "com.apple.product-type.application";
		};
		92D376A121BAA95B00504713 /* LOBSTR VaultTests */ = {
			isa = PBXNativeTarget;
			buildConfigurationList = 92D376AE21BAA95C00504713 /* Build configuration list for PBXNativeTarget "LOBSTR VaultTests" */;
			buildPhases = (
				30401DE3EF39E6D2A81F7CE8 /* [CP] Check Pods Manifest.lock */,
				92D3769E21BAA95B00504713 /* Sources */,
				92D3769F21BAA95B00504713 /* Frameworks */,
				92D376A021BAA95B00504713 /* Resources */,
			);
			buildRules = (
			);
			dependencies = (
				92D376A421BAA95B00504713 /* PBXTargetDependency */,
			);
			name = "LOBSTR VaultTests";
			productName = "LOBSTR VaultTests";
			productReference = 92D376A221BAA95B00504713 /* LOBSTR VaultTests.xctest */;
			productType = "com.apple.product-type.bundle.unit-test";
		};
/* End PBXNativeTarget section */

/* Begin PBXProject section */
		92D3768621BAA95B00504713 /* Project object */ = {
			isa = PBXProject;
			attributes = {
				LastSwiftUpdateCheck = 1010;
				LastUpgradeCheck = 1010;
				ORGANIZATIONNAME = "Ultra Stellar";
				TargetAttributes = {
					92D3768D21BAA95B00504713 = {
						CreatedOnToolsVersion = 10.1;
					};
					92D376A121BAA95B00504713 = {
						CreatedOnToolsVersion = 10.1;
						TestTargetID = 92D3768D21BAA95B00504713;
					};
				};
			};
			buildConfigurationList = 92D3768921BAA95B00504713 /* Build configuration list for PBXProject "LOBSTR Vault" */;
			compatibilityVersion = "Xcode 9.3";
			developmentRegion = en;
			hasScannedForEncodings = 0;
			knownRegions = (
				en,
				Base,
			);
			mainGroup = 92D3768521BAA95B00504713;
			productRefGroup = 92D3768F21BAA95B00504713 /* Products */;
			projectDirPath = "";
			projectRoot = "";
			targets = (
				92D3768D21BAA95B00504713 /* LOBSTR Vault */,
				92D376A121BAA95B00504713 /* LOBSTR VaultTests */,
			);
		};
/* End PBXProject section */

/* Begin PBXResourcesBuildPhase section */
		92D3768C21BAA95B00504713 /* Resources */ = {
			isa = PBXResourcesBuildPhase;
			buildActionMask = 2147483647;
			files = (
				84A825FA21E4BDF7004EF5D9 /* BiometricID.storyboard in Resources */,
				9277ABA821CA5AC500379971 /* Home.storyboard in Resources */,
				9277ABA321CA59BE00379971 /* TabBar.storyboard in Resources */,
				9232EC7A21C11D1D00F8EBD4 /* MnemonicGeneration.storyboard in Resources */,
				925CCAD721DCB0F600E75602 /* Transactions.storyboard in Resources */,
				845CDCAE21C9309B00791C94 /* NumberPadView.xib in Resources */,
				9221B7C421BE8A310070A526 /* MnemonicSuggestionsView.xib in Resources */,
				92D3769C21BAA95B00504713 /* LaunchScreen.storyboard in Resources */,
				92BD385821C7B02000E974E0 /* MnemonicMenu.storyboard in Resources */,
				845CDCB421C931F400791C94 /* Pin.storyboard in Resources */,
				92E48FCF21E4F2BA006281E4 /* GoogleService-Info.plist in Resources */,
				9221B7B821BE87F60070A526 /* MnemonicRecovery.storyboard in Resources */,
				92E48FCD21E4EE38006281E4 /* Localizable.strings in Resources */,
				845CDCB021C9309B00791C94 /* PinInputView.xib in Resources */,
				92D3769921BAA95B00504713 /* Assets.xcassets in Resources */,
				9221B7C621BE8A520070A526 /* MnemonicSuggestionsViewCell.xib in Resources */,
				9277EDAD21D53F3B0043F3E8 /* Settings.storyboard in Resources */,
			);
			runOnlyForDeploymentPostprocessing = 0;
		};
		92D376A021BAA95B00504713 /* Resources */ = {
			isa = PBXResourcesBuildPhase;
			buildActionMask = 2147483647;
			files = (
			);
			runOnlyForDeploymentPostprocessing = 0;
		};
/* End PBXResourcesBuildPhase section */

/* Begin PBXShellScriptBuildPhase section */
		0D8E9B17D1F59035C04A3F9E /* [CP] Embed Pods Frameworks */ = {
			isa = PBXShellScriptBuildPhase;
			buildActionMask = 2147483647;
			files = (
			);
			inputFileListPaths = (
			);
			inputPaths = (
				"${SRCROOT}/Pods/Target Support Files/Pods-LOBSTR Vault/Pods-LOBSTR Vault-frameworks.sh",
				"${BUILT_PRODUCTS_DIR}/GoogleUtilities/GoogleUtilities.framework",
				"${BUILT_PRODUCTS_DIR}/nanopb/nanopb.framework",
				"${BUILT_PRODUCTS_DIR}/stellar-ios-mac-sdk/stellarsdk.framework",
			);
			name = "[CP] Embed Pods Frameworks";
			outputFileListPaths = (
			);
			outputPaths = (
				"${TARGET_BUILD_DIR}/${FRAMEWORKS_FOLDER_PATH}/GoogleUtilities.framework",
				"${TARGET_BUILD_DIR}/${FRAMEWORKS_FOLDER_PATH}/nanopb.framework",
				"${TARGET_BUILD_DIR}/${FRAMEWORKS_FOLDER_PATH}/stellarsdk.framework",
			);
			runOnlyForDeploymentPostprocessing = 0;
			shellPath = /bin/sh;
			shellScript = "\"${SRCROOT}/Pods/Target Support Files/Pods-LOBSTR Vault/Pods-LOBSTR Vault-frameworks.sh\"\n";
			showEnvVarsInLog = 0;
		};
		30401DE3EF39E6D2A81F7CE8 /* [CP] Check Pods Manifest.lock */ = {
			isa = PBXShellScriptBuildPhase;
			buildActionMask = 2147483647;
			files = (
			);
			inputFileListPaths = (
			);
			inputPaths = (
				"${PODS_PODFILE_DIR_PATH}/Podfile.lock",
				"${PODS_ROOT}/Manifest.lock",
			);
			name = "[CP] Check Pods Manifest.lock";
			outputFileListPaths = (
			);
			outputPaths = (
				"$(DERIVED_FILE_DIR)/Pods-LOBSTR VaultTests-checkManifestLockResult.txt",
			);
			runOnlyForDeploymentPostprocessing = 0;
			shellPath = /bin/sh;
			shellScript = "diff \"${PODS_PODFILE_DIR_PATH}/Podfile.lock\" \"${PODS_ROOT}/Manifest.lock\" > /dev/null\nif [ $? != 0 ] ; then\n    # print error to STDERR\n    echo \"error: The sandbox is not in sync with the Podfile.lock. Run 'pod install' or update your CocoaPods installation.\" >&2\n    exit 1\nfi\n# This output is used by Xcode 'outputs' to avoid re-running this script phase.\necho \"SUCCESS\" > \"${SCRIPT_OUTPUT_FILE_0}\"\n";
			showEnvVarsInLog = 0;
		};
		751060B6DD58B61992A04E66 /* [CP] Check Pods Manifest.lock */ = {
			isa = PBXShellScriptBuildPhase;
			buildActionMask = 2147483647;
			files = (
			);
			inputFileListPaths = (
			);
			inputPaths = (
				"${PODS_PODFILE_DIR_PATH}/Podfile.lock",
				"${PODS_ROOT}/Manifest.lock",
			);
			name = "[CP] Check Pods Manifest.lock";
			outputFileListPaths = (
			);
			outputPaths = (
				"$(DERIVED_FILE_DIR)/Pods-LOBSTR Vault-checkManifestLockResult.txt",
			);
			runOnlyForDeploymentPostprocessing = 0;
			shellPath = /bin/sh;
			shellScript = "diff \"${PODS_PODFILE_DIR_PATH}/Podfile.lock\" \"${PODS_ROOT}/Manifest.lock\" > /dev/null\nif [ $? != 0 ] ; then\n    # print error to STDERR\n    echo \"error: The sandbox is not in sync with the Podfile.lock. Run 'pod install' or update your CocoaPods installation.\" >&2\n    exit 1\nfi\n# This output is used by Xcode 'outputs' to avoid re-running this script phase.\necho \"SUCCESS\" > \"${SCRIPT_OUTPUT_FILE_0}\"\n";
			showEnvVarsInLog = 0;
		};
		92E48FD021E4F45D006281E4 /* ShellScript */ = {
			isa = PBXShellScriptBuildPhase;
			buildActionMask = 2147483647;
			files = (
			);
			inputFileListPaths = (
			);
			inputPaths = (
				"$(BUILT_PRODUCTS_DIR)/$(INFOPLIST_PATH)",
			);
			outputFileListPaths = (
			);
			outputPaths = (
			);
			runOnlyForDeploymentPostprocessing = 0;
			shellPath = /bin/sh;
			shellScript = "\"${PODS_ROOT}/Fabric/run\"\n\n";
		};
/* End PBXShellScriptBuildPhase section */

/* Begin PBXSourcesBuildPhase section */
		92D3768A21BAA95B00504713 /* Sources */ = {
			isa = PBXSourcesBuildPhase;
			buildActionMask = 2147483647;
			files = (
				92C4155E21E61C3200960170 /* String+Localized.swift in Sources */,
				84835AB621D647260039F1C5 /* MnemonicRecoveryViewController.swift in Sources */,
				925CCAE121DE4CE200E75602 /* TransactionStatusViewController.swift in Sources */,
				84835AB521D647200039F1C5 /* MnemonicSuggestionsViewCell.swift in Sources */,
				84835AB421D646EF0039F1C5 /* MnemonicSuggestionsView.swift in Sources */,
				92C4156021E620F200960170 /* UIAlertController+Alert.swift in Sources */,
				922C641D21CBB5C400EDD409 /* TransactionDetailsPresenter.swift in Sources */,
				9277ABB221CA748F00379971 /* Constants.swift in Sources */,
				84A8260221E4C92A004EF5D9 /* BiometricIDPresenter.swift in Sources */,
				84CFB07721D7AA920020073C /* SettingsSection.swift in Sources */,
				922C641621CBA4D200EDD409 /* TransactionListPresenter.swift in Sources */,
				84A0C3D121C7B0F8007A076F /* VaultStorage.swift in Sources */,
				845CDCA521C92E6300791C94 /* PinViewController.swift in Sources */,
				84BBE7FF21CE32C90074CCC3 /* JWTManager.swift in Sources */,
				8486F68A21CBA8660099F1F2 /* Device.swift in Sources */,
				84A8261121E4F415004EF5D9 /* KeyValueStorage.swift in Sources */,
				84C94CA821E7398F0086991D /* AuthContext.swift in Sources */,
				8486F68821CB8A000099F1F2 /* PinManager.swift in Sources */,
				84A8260821E4D570004EF5D9 /* BiometricType.swift in Sources */,
				84C94CA621E732190086991D /* SettingsSectionsBuilder.swift in Sources */,
				8410CE3421E6221C0088546C /* BiometricAuthManager.swift in Sources */,
				84A0C3D621C7DCC3007A076F /* VaultStorage+Cryptography.swift in Sources */,
				84835ABF21D652370039F1C5 /* PublicKeyTableViewCell.swift in Sources */,
				9232EC8221C1425800F8EBD4 /* MnemonicVerificationPresenter.swift in Sources */,
				9277ABA121CA59A000379971 /* TabBarViewController.swift in Sources */,
				925CCAD921DCD37500E75602 /* OperationType+Description.swift in Sources */,
				925CCACF21DCAD5A00E75602 /* OperationDetailsTableViewCell.swift in Sources */,
				9277AB8A21C8E8A700379971 /* NetworkingResult.swift in Sources */,
				84835ABC21D651E60039F1C5 /* ReusableView.swift in Sources */,
				9221B7AC21BE86B50070A526 /* Storyboards.swift in Sources */,
				9277AB8C21C8EB2B00379971 /* PendingTransactionListRequest.swift in Sources */,
				84CFB07921D7AACC0020073C /* SettingsPresenter.swift in Sources */,
				922C641321CB8E7100EDD409 /* HomePresenter.swift in Sources */,
				9277ABA621CA5A8D00379971 /* HomeViewController.swift in Sources */,
				9221B7AF21BE86DC0070A526 /* StoryboardCreation.swift in Sources */,
				8477AC3521DCF54300D75173 /* PinMode.swift in Sources */,
				9277EDA221D50BEC0043F3E8 /* OperationTableViewCell.swift in Sources */,
				9277AB9321C9018400379971 /* APIRequest.swift in Sources */,
				84CFB07321D7A19A0020073C /* DisclosureIndicatorTableViewCell.swift in Sources */,
				84835ABA21D651B50039F1C5 /* UITableView+Dequeue.swift in Sources */,
				922C641921CBA7C300EDD409 /* TransactionListTableViewCell.swift in Sources */,
				84C94CB421E766260086991D /* UITableViewCell+Height.swift in Sources */,
				92D3769221BAA95B00504713 /* AppDelegate.swift in Sources */,
				84CFB07521D7A1C40020073C /* RightDetailTableViewCell.swift in Sources */,
				922C642621CD37B200EDD409 /* AuthenticationService.swift in Sources */,
				84A8260021E4BE5B004EF5D9 /* BiometricIDViewController.swift in Sources */,
				9221B7BE21BE893A0070A526 /* MnemonicHelper.swift in Sources */,
				84835AC221D65C1C0039F1C5 /* SettingsPresenterImpl.swift in Sources */,
				845CDCB221C930B900791C94 /* Shakeable.swift in Sources */,
				9232EC7821C11C2700F8EBD4 /* MnemonicCollectionViewCell.swift in Sources */,
				84A0C3DE21C7E6A6007A076F /* MnemonicManager.swift in Sources */,
				9277EDA521D52D970043F3E8 /* TransactionHelper.swift in Sources */,
				844C581B21CA8101008B44B2 /* ApplicationCoordinator.swift in Sources */,
				9221B7BC21BE88E00070A526 /* MnemonicRecoveryPresenter.swift in Sources */,
				9277ABAD21CA5B5700379971 /* TransactionListViewController.swift in Sources */,
				92BD385621C7AFF500E974E0 /* MnemonicMenuViewController.swift in Sources */,
				844639CF21DCE73700719011 /* BiometricIDTableViewCell.swift in Sources */,
				84CFB07C21D7B02E0020073C /* ApplicationInfo.swift in Sources */,
				9277ABB821CA770D00379971 /* Transaction.swift in Sources */,
				9277AB8421C8E7C200379971 /* APIRequestLoader.swift in Sources */,
				92E95FA221D3BE9600E5645D /* SubmitChallengeRequest.swift in Sources */,
				9277ABB521CA75C300379971 /* PaginationResponse.swift in Sources */,
				925CCADB21DCF7F900E75602 /* OperationPresenter.swift in Sources */,
				8477AC3721DCF59500D75173 /* PinPresenter.swift in Sources */,
				844C580D21CA4FB7008B44B2 /* PinPresenterImpl.swift in Sources */,
				845CDCAD21C9309B00791C94 /* NumberPadView.swift in Sources */,
				84A0C3D821C7DCF0007A076F /* VaultStorage+Keychain.swift in Sources */,
				8486F68C21CBAF2A0099F1F2 /* KeychainManager.swift in Sources */,
				9232EC7521C0FA2800F8EBD4 /* MnemonicGenerationPresenter.swift in Sources */,
				9277AB8821C8E85C00379971 /* ServerRequestError.swift in Sources */,
				922C641B21CBB56B00EDD409 /* TransactionDetailsViewController.swift in Sources */,
				92E95FA021D3BC4D00E5645D /* ChallengeRequest.swift in Sources */,
				9277AB9E21C91F9A00379971 /* SubmitSignedTransactionRequest.swift in Sources */,
				9232EC6E21C0F5B800F8EBD4 /* MnemonicGenerationViewController.swift in Sources */,
				92E48FCA21E4D517006281E4 /* Errors.swift in Sources */,
				92C4155C21E5E1B500960170 /* CrashlyticsService.swift in Sources */,
				845CDCAF21C9309B00791C94 /* PinInputView.swift in Sources */,
				925CCACD21DCAC9C00E75602 /* OperationViewController.swift in Sources */,
				9232EC8021C1422800F8EBD4 /* MnemonicVerificationViewController.swift in Sources */,
				9277EDAB21D53F1F0043F3E8 /* SettingsViewController.swift in Sources */,
			);
			runOnlyForDeploymentPostprocessing = 0;
		};
		92D3769E21BAA95B00504713 /* Sources */ = {
			isa = PBXSourcesBuildPhase;
			buildActionMask = 2147483647;
			files = (
				84C94CB821E768520086991D /* SettingsSectionsBuilderTests.swift in Sources */,
				9221B7CD21BF9A3A0070A526 /* MnemonicRecoveryViewSpy.swift in Sources */,
				84A0C3DB21C7E60B007A076F /* MnemonicManagerTests.swift in Sources */,
				8410CE3621E622A60088546C /* BiometricAuthManagerTests.swift in Sources */,
				9232EC8421C24CC600F8EBD4 /* MnemonicVerificationPresenterTest.swift in Sources */,
				9232EC7E21C11FDA00F8EBD4 /* MnemonicGenerationViewSpy.swift in Sources */,
				9232EC8621C24D3200F8EBD4 /* MnemonicVerificationViewSpy.swift in Sources */,
				9221B7CF21BF9AD80070A526 /* MnemonicRecoveryPresenterTest.swift in Sources */,
				844C581421CA6BEE008B44B2 /* PinManagerTests.swift in Sources */,
				9232EC7C21C11F1F00F8EBD4 /* MnemonicGenerationPresenterTest.swift in Sources */,
				9277ABBB21CA927400379971 /* PendingTransactionListRequestTests.swift in Sources */,
				84A0C3D421C7B143007A076F /* VaultStorageTests.swift in Sources */,
				9277EDA721D52E350043F3E8 /* TransactionHelperTests.swift in Sources */,
				844C580F21CA5D13008B44B2 /* PinPresenterTests.swift in Sources */,
				844C581121CA5F69008B44B2 /* PinViewSpy.swift in Sources */,
				9221B7CA21BE91570070A526 /* MnemonicHelperTest.swift in Sources */,
			);
			runOnlyForDeploymentPostprocessing = 0;
		};
/* End PBXSourcesBuildPhase section */

/* Begin PBXTargetDependency section */
		92D376A421BAA95B00504713 /* PBXTargetDependency */ = {
			isa = PBXTargetDependency;
			target = 92D3768D21BAA95B00504713 /* LOBSTR Vault */;
			targetProxy = 92D376A321BAA95B00504713 /* PBXContainerItemProxy */;
		};
/* End PBXTargetDependency section */

/* Begin PBXVariantGroup section */
		92D3769A21BAA95B00504713 /* LaunchScreen.storyboard */ = {
			isa = PBXVariantGroup;
			children = (
				92D3769B21BAA95B00504713 /* Base */,
			);
			name = LaunchScreen.storyboard;
			sourceTree = "<group>";
		};
/* End PBXVariantGroup section */

/* Begin XCBuildConfiguration section */
		92D376A921BAA95C00504713 /* Debug */ = {
			isa = XCBuildConfiguration;
			buildSettings = {
				ALWAYS_SEARCH_USER_PATHS = NO;
				CLANG_ANALYZER_NONNULL = YES;
				CLANG_ANALYZER_NUMBER_OBJECT_CONVERSION = YES_AGGRESSIVE;
				CLANG_CXX_LANGUAGE_STANDARD = "gnu++14";
				CLANG_CXX_LIBRARY = "libc++";
				CLANG_ENABLE_MODULES = YES;
				CLANG_ENABLE_OBJC_ARC = YES;
				CLANG_ENABLE_OBJC_WEAK = YES;
				CLANG_WARN_BLOCK_CAPTURE_AUTORELEASING = YES;
				CLANG_WARN_BOOL_CONVERSION = YES;
				CLANG_WARN_COMMA = YES;
				CLANG_WARN_CONSTANT_CONVERSION = YES;
				CLANG_WARN_DEPRECATED_OBJC_IMPLEMENTATIONS = YES;
				CLANG_WARN_DIRECT_OBJC_ISA_USAGE = YES_ERROR;
				CLANG_WARN_DOCUMENTATION_COMMENTS = YES;
				CLANG_WARN_EMPTY_BODY = YES;
				CLANG_WARN_ENUM_CONVERSION = YES;
				CLANG_WARN_INFINITE_RECURSION = YES;
				CLANG_WARN_INT_CONVERSION = YES;
				CLANG_WARN_NON_LITERAL_NULL_CONVERSION = YES;
				CLANG_WARN_OBJC_IMPLICIT_RETAIN_SELF = YES;
				CLANG_WARN_OBJC_LITERAL_CONVERSION = YES;
				CLANG_WARN_OBJC_ROOT_CLASS = YES_ERROR;
				CLANG_WARN_RANGE_LOOP_ANALYSIS = YES;
				CLANG_WARN_STRICT_PROTOTYPES = YES;
				CLANG_WARN_SUSPICIOUS_MOVE = YES;
				CLANG_WARN_UNGUARDED_AVAILABILITY = YES_AGGRESSIVE;
				CLANG_WARN_UNREACHABLE_CODE = YES;
				CLANG_WARN__DUPLICATE_METHOD_MATCH = YES;
				CODE_SIGN_IDENTITY = "iPhone Developer";
				COPY_PHASE_STRIP = NO;
				DEBUG_INFORMATION_FORMAT = dwarf;
				ENABLE_STRICT_OBJC_MSGSEND = YES;
				ENABLE_TESTABILITY = YES;
				GCC_C_LANGUAGE_STANDARD = gnu11;
				GCC_DYNAMIC_NO_PIC = NO;
				GCC_NO_COMMON_BLOCKS = YES;
				GCC_OPTIMIZATION_LEVEL = 0;
				GCC_PREPROCESSOR_DEFINITIONS = (
					"DEBUG=1",
					"$(inherited)",
				);
				GCC_WARN_64_TO_32_BIT_CONVERSION = YES;
				GCC_WARN_ABOUT_RETURN_TYPE = YES_ERROR;
				GCC_WARN_UNDECLARED_SELECTOR = YES;
				GCC_WARN_UNINITIALIZED_AUTOS = YES_AGGRESSIVE;
				GCC_WARN_UNUSED_FUNCTION = YES;
				GCC_WARN_UNUSED_VARIABLE = YES;
				IPHONEOS_DEPLOYMENT_TARGET = 10.3;
				MTL_ENABLE_DEBUG_INFO = INCLUDE_SOURCE;
				MTL_FAST_MATH = YES;
				ONLY_ACTIVE_ARCH = YES;
				SDKROOT = iphoneos;
				SWIFT_ACTIVE_COMPILATION_CONDITIONS = DEBUG;
				SWIFT_OPTIMIZATION_LEVEL = "-Onone";
			};
			name = Debug;
		};
		92D376AA21BAA95C00504713 /* Release */ = {
			isa = XCBuildConfiguration;
			buildSettings = {
				ALWAYS_SEARCH_USER_PATHS = NO;
				CLANG_ANALYZER_NONNULL = YES;
				CLANG_ANALYZER_NUMBER_OBJECT_CONVERSION = YES_AGGRESSIVE;
				CLANG_CXX_LANGUAGE_STANDARD = "gnu++14";
				CLANG_CXX_LIBRARY = "libc++";
				CLANG_ENABLE_MODULES = YES;
				CLANG_ENABLE_OBJC_ARC = YES;
				CLANG_ENABLE_OBJC_WEAK = YES;
				CLANG_WARN_BLOCK_CAPTURE_AUTORELEASING = YES;
				CLANG_WARN_BOOL_CONVERSION = YES;
				CLANG_WARN_COMMA = YES;
				CLANG_WARN_CONSTANT_CONVERSION = YES;
				CLANG_WARN_DEPRECATED_OBJC_IMPLEMENTATIONS = YES;
				CLANG_WARN_DIRECT_OBJC_ISA_USAGE = YES_ERROR;
				CLANG_WARN_DOCUMENTATION_COMMENTS = YES;
				CLANG_WARN_EMPTY_BODY = YES;
				CLANG_WARN_ENUM_CONVERSION = YES;
				CLANG_WARN_INFINITE_RECURSION = YES;
				CLANG_WARN_INT_CONVERSION = YES;
				CLANG_WARN_NON_LITERAL_NULL_CONVERSION = YES;
				CLANG_WARN_OBJC_IMPLICIT_RETAIN_SELF = YES;
				CLANG_WARN_OBJC_LITERAL_CONVERSION = YES;
				CLANG_WARN_OBJC_ROOT_CLASS = YES_ERROR;
				CLANG_WARN_RANGE_LOOP_ANALYSIS = YES;
				CLANG_WARN_STRICT_PROTOTYPES = YES;
				CLANG_WARN_SUSPICIOUS_MOVE = YES;
				CLANG_WARN_UNGUARDED_AVAILABILITY = YES_AGGRESSIVE;
				CLANG_WARN_UNREACHABLE_CODE = YES;
				CLANG_WARN__DUPLICATE_METHOD_MATCH = YES;
				CODE_SIGN_IDENTITY = "iPhone Developer";
				COPY_PHASE_STRIP = NO;
				DEBUG_INFORMATION_FORMAT = "dwarf-with-dsym";
				ENABLE_NS_ASSERTIONS = NO;
				ENABLE_STRICT_OBJC_MSGSEND = YES;
				GCC_C_LANGUAGE_STANDARD = gnu11;
				GCC_NO_COMMON_BLOCKS = YES;
				GCC_WARN_64_TO_32_BIT_CONVERSION = YES;
				GCC_WARN_ABOUT_RETURN_TYPE = YES_ERROR;
				GCC_WARN_UNDECLARED_SELECTOR = YES;
				GCC_WARN_UNINITIALIZED_AUTOS = YES_AGGRESSIVE;
				GCC_WARN_UNUSED_FUNCTION = YES;
				GCC_WARN_UNUSED_VARIABLE = YES;
				IPHONEOS_DEPLOYMENT_TARGET = 10.3;
				MTL_ENABLE_DEBUG_INFO = NO;
				MTL_FAST_MATH = YES;
				SDKROOT = iphoneos;
				SWIFT_COMPILATION_MODE = wholemodule;
				SWIFT_OPTIMIZATION_LEVEL = "-O";
				VALIDATE_PRODUCT = YES;
			};
			name = Release;
		};
		92D376AC21BAA95C00504713 /* Debug */ = {
			isa = XCBuildConfiguration;
			baseConfigurationReference = 0CF6E73C09E0BAC79AF0CAC0 /* Pods-LOBSTR Vault.debug.xcconfig */;
			buildSettings = {
				ASSETCATALOG_COMPILER_APPICON_NAME = AppIcon;
				CODE_SIGN_STYLE = Manual;
				DEBUG_INFORMATION_FORMAT = "dwarf-with-dsym";
				DEVELOPMENT_TEAM = 6ZVXG76XRR;
				INFOPLIST_FILE = "$(SRCROOT)/LOBSTR Vault/Resources/Info.plist";
				IPHONEOS_DEPLOYMENT_TARGET = 10.3;
				LD_RUNPATH_SEARCH_PATHS = (
					"$(inherited)",
					"@executable_path/Frameworks",
				);
				PRODUCT_BUNDLE_IDENTIFIER = com.ultrastellar.lobstr.vault;
				PRODUCT_NAME = "$(TARGET_NAME)";
				PROVISIONING_PROFILE_SPECIFIER = "VAULT DEV 6DEC";
				SWIFT_VERSION = 4.2;
				TARGETED_DEVICE_FAMILY = "1,2";
			};
			name = Debug;
		};
		92D376AD21BAA95C00504713 /* Release */ = {
			isa = XCBuildConfiguration;
			baseConfigurationReference = FF9592844080E3A3C536D579 /* Pods-LOBSTR Vault.release.xcconfig */;
			buildSettings = {
				ASSETCATALOG_COMPILER_APPICON_NAME = AppIcon;
				CODE_SIGN_IDENTITY = "iPhone Developer";
				CODE_SIGN_STYLE = Automatic;
				DEVELOPMENT_TEAM = 6ZVXG76XRR;
				INFOPLIST_FILE = "$(SRCROOT)/LOBSTR Vault/Resources/Info.plist";
				IPHONEOS_DEPLOYMENT_TARGET = 10.3;
				LD_RUNPATH_SEARCH_PATHS = (
					"$(inherited)",
					"@executable_path/Frameworks",
				);
				PRODUCT_BUNDLE_IDENTIFIER = com.ultrastellar.lobstr.vault;
				PRODUCT_NAME = "$(TARGET_NAME)";
				PROVISIONING_PROFILE_SPECIFIER = "";
				SWIFT_VERSION = 4.2;
				TARGETED_DEVICE_FAMILY = "1,2";
			};
			name = Release;
		};
		92D376AF21BAA95C00504713 /* Debug */ = {
			isa = XCBuildConfiguration;
			baseConfigurationReference = D5F14E4ADD030093E6C95C68 /* Pods-LOBSTR VaultTests.debug.xcconfig */;
			buildSettings = {
				ALWAYS_EMBED_SWIFT_STANDARD_LIBRARIES = YES;
				BUNDLE_LOADER = "$(TEST_HOST)";
				CODE_SIGN_IDENTITY = "iPhone Developer";
				CODE_SIGN_STYLE = Manual;
				DEVELOPMENT_TEAM = 6ZVXG76XRR;
				INFOPLIST_FILE = "LOBSTR VaultTests/Info.plist";
				LD_RUNPATH_SEARCH_PATHS = (
					"$(inherited)",
					"@executable_path/Frameworks",
					"@loader_path/Frameworks",
				);
				PRODUCT_BUNDLE_IDENTIFIER = "com.ultrastellar.lobstr.LOBSTR-VaultTests";
				PRODUCT_NAME = "$(TARGET_NAME)";
				PROVISIONING_PROFILE_SPECIFIER = "";
				SWIFT_VERSION = 4.2;
				TARGETED_DEVICE_FAMILY = "1,2";
				TEST_HOST = "$(BUILT_PRODUCTS_DIR)/LOBSTR Vault.app/LOBSTR Vault";
			};
			name = Debug;
		};
		92D376B021BAA95C00504713 /* Release */ = {
			isa = XCBuildConfiguration;
			baseConfigurationReference = E2FEF80546C9EBC9190AF12C /* Pods-LOBSTR VaultTests.release.xcconfig */;
			buildSettings = {
				ALWAYS_EMBED_SWIFT_STANDARD_LIBRARIES = YES;
				BUNDLE_LOADER = "$(TEST_HOST)";
				CODE_SIGN_IDENTITY = "iPhone Developer";
				CODE_SIGN_STYLE = Manual;
				DEVELOPMENT_TEAM = 6ZVXG76XRR;
				INFOPLIST_FILE = "LOBSTR VaultTests/Info.plist";
				LD_RUNPATH_SEARCH_PATHS = (
					"$(inherited)",
					"@executable_path/Frameworks",
					"@loader_path/Frameworks",
				);
				PRODUCT_BUNDLE_IDENTIFIER = "com.ultrastellar.lobstr.LOBSTR-VaultTests";
				PRODUCT_NAME = "$(TARGET_NAME)";
				PROVISIONING_PROFILE_SPECIFIER = "";
				SWIFT_VERSION = 4.2;
				TARGETED_DEVICE_FAMILY = "1,2";
				TEST_HOST = "$(BUILT_PRODUCTS_DIR)/LOBSTR Vault.app/LOBSTR Vault";
			};
			name = Release;
		};
/* End XCBuildConfiguration section */

/* Begin XCConfigurationList section */
		92D3768921BAA95B00504713 /* Build configuration list for PBXProject "LOBSTR Vault" */ = {
			isa = XCConfigurationList;
			buildConfigurations = (
				92D376A921BAA95C00504713 /* Debug */,
				92D376AA21BAA95C00504713 /* Release */,
			);
			defaultConfigurationIsVisible = 0;
			defaultConfigurationName = Release;
		};
		92D376AB21BAA95C00504713 /* Build configuration list for PBXNativeTarget "LOBSTR Vault" */ = {
			isa = XCConfigurationList;
			buildConfigurations = (
				92D376AC21BAA95C00504713 /* Debug */,
				92D376AD21BAA95C00504713 /* Release */,
			);
			defaultConfigurationIsVisible = 0;
			defaultConfigurationName = Release;
		};
		92D376AE21BAA95C00504713 /* Build configuration list for PBXNativeTarget "LOBSTR VaultTests" */ = {
			isa = XCConfigurationList;
			buildConfigurations = (
				92D376AF21BAA95C00504713 /* Debug */,
				92D376B021BAA95C00504713 /* Release */,
			);
			defaultConfigurationIsVisible = 0;
			defaultConfigurationName = Release;
		};
/* End XCConfigurationList section */
	};
	rootObject = 92D3768621BAA95B00504713 /* Project object */;
}
